
Microsoft Visual Studio Solution File, Format Version 12.00
# Visual Studio Version 17
VisualStudioVersion = 17.7.34221.43
MinimumVisualStudioVersion = 10.0.40219.1
Project("{8BC9CEB8-8B4A-11D0-8D11-00A0C91BC942}") = "Bai004", "Bai004\Bai004.vcxproj", "{E99BFE97-7A2B-4B82-B6B3-602AC7B13360}"
EndProject
Project("{8BC9CEB8-8B4A-11D0-8D11-00A0C91BC942}") = "Bai009", "Bai009\Bai009.vcxproj", "{B9D63F9D-A8BB-4301-A9AF-AF83825CF522}"
EndProject
Project("{8BC9CEB8-8B4A-11D0-8D11-00A0C91BC942}") = "Bai014", "Bai014\Bai014.vcxproj", "{EA32DE8E-5B00-47E4-A90D-9F24D7F0FBBB}"
EndProject
Project("{8BC9CEB8-8B4A-11D0-8D11-00A0C91BC942}") = "Bai019", "Bai019\Bai019.vcxproj", "{5154621F-C03A-4DC3-B488-7ECC6E35319F}"
EndProject
Project("{8BC9CEB8-8B4A-11D0-8D11-00A0C91BC942}") = "Bai024", "Bai024\Bai024.vcxproj", "{DA788194-7DBE-4A05-84F4-6652C1C60B46}"
EndProject
Project("{8BC9CEB8-8B4A-11D0-8D11-00A0C91BC942}") = "Bai029", "Bai029\Bai029.vcxproj", "{068F0C16-09CA-462A-8E9E-716389855D19}"
EndProject
Project("{8BC9CEB8-8B4A-11D0-8D11-00A0C91BC942}") = "Bai034", "Bai034\Bai034.vcxproj", "{526BB7E2-7411-47A3-8265-BFD98F42F093}"
EndProject
Project("{8BC9CEB8-8B4A-11D0-8D11-00A0C91BC942}") = "Bai039", "Bai039\Bai039.vcxproj", "{539CCE86-A258-4223-9F46-FEAEE480BE4C}"
EndProject
Project("{8BC9CEB8-8B4A-11D0-8D11-00A0C91BC942}") = "Bai044", "Bai044\Bai044.vcxproj", "{F3EC96CB-86EB-4490-AB48-BD2A6E0EFA65}"
EndProject
Project("{8BC9CEB8-8B4A-11D0-8D11-00A0C91BC942}") = "Bai049", "Bai049\Bai049.vcxproj", "{61A0C1EE-A950-4587-A197-A539AA3CDD57}"
EndProject
Project("{8BC9CEB8-8B4A-11D0-8D11-00A0C91BC942}") = "Bai054", "Bai054\Bai054.vcxproj", "{8CFEF145-4F58-4877-81E9-FCDD989FCB40}"
EndProject
Project("{8BC9CEB8-8B4A-11D0-8D11-00A0C91BC942}") = "Bai059", "Bai059\Bai059.vcxproj", "{042EBC12-487C-49C4-A0FB-2679CE9298E5}"
EndProject
Project("{8BC9CEB8-8B4A-11D0-8D11-00A0C91BC942}") = "Bai064", "Bai064\Bai064.vcxproj", "{0EBD8E52-FAE0-4F95-A8EE-D152F0D23C35}"
EndProject
Project("{8BC9CEB8-8B4A-11D0-8D11-00A0C91BC942}") = "Bai069", "Bai069\Bai069.vcxproj", "{9F3A4611-3177-4A1A-A799-8152F3EC150D}"
EndProject
Project("{8BC9CEB8-8B4A-11D0-8D11-00A0C91BC942}") = "Bai074", "Bai074\Bai074.vcxproj", "{53510EBC-0E4D-47AB-BB2C-A2E0DBBD6570}"
EndProject
Project("{8BC9CEB8-8B4A-11D0-8D11-00A0C91BC942}") = "Bai079", "Bai079\Bai079.vcxproj", "{9096E556-A781-4E3B-899D-860F30CA0541}"
EndProject
Project("{8BC9CEB8-8B4A-11D0-8D11-00A0C91BC942}") = "Bai084", "Bai084\Bai084.vcxproj", "{4B858385-8073-426B-8A75-8B08C87C3AA7}"
EndProject
Project("{8BC9CEB8-8B4A-11D0-8D11-00A0C91BC942}") = "Bai089", "Bai089\Bai089.vcxproj", "{177F146A-A548-4E5E-854B-720C937EA85D}"
EndProject
Project("{8BC9CEB8-8B4A-11D0-8D11-00A0C91BC942}") = "Bai094", "Bai094\Bai094.vcxproj", "{4532D991-C262-4BE2-8B91-29FF7188E559}"
EndProject
Project("{8BC9CEB8-8B4A-11D0-8D11-00A0C91BC942}") = "Bai099", "Bai099\Bai099.vcxproj", "{B5F4BCEB-9614-430A-AC16-2F8B285A356B}"
EndProject
Project("{8BC9CEB8-8B4A-11D0-8D11-00A0C91BC942}") = "Bai104", "Bai104\Bai104.vcxproj", "{6CBD949F-4356-4D29-9979-0297A0010951}"
EndProject
Project("{8BC9CEB8-8B4A-11D0-8D11-00A0C91BC942}") = "Bai109", "Bai109\Bai109.vcxproj", "{A4A16E06-D4F9-4807-AF0C-C5CCFCFC61B0}"
EndProject
Project("{8BC9CEB8-8B4A-11D0-8D11-00A0C91BC942}") = "Bai114", "Bai114\Bai114.vcxproj", "{5B40C337-D847-4CD0-95AA-9B57F371F1CE}"
EndProject
Project("{8BC9CEB8-8B4A-11D0-8D11-00A0C91BC942}") = "Bai119", "Bai119\Bai119.vcxproj", "{54DDB4E8-A34E-490E-B163-21E53DBE2137}"
EndProject
Project("{8BC9CEB8-8B4A-11D0-8D11-00A0C91BC942}") = "Bai129", "Bai129\Bai129.vcxproj", "{86A90330-3EEE-4476-B5F9-0E6FB5482802}"
EndProject
Project("{8BC9CEB8-8B4A-11D0-8D11-00A0C91BC942}") = "Bai134", "Bai134\Bai134.vcxproj", "{5F120D76-11EB-4A40-B1A3-3AA900987360}"
EndProject
Project("{8BC9CEB8-8B4A-11D0-8D11-00A0C91BC942}") = "Bai139", "Bai139\Bai139.vcxproj", "{5394E76D-6104-408C-9321-BA90B4D1501A}"
EndProject
Project("{8BC9CEB8-8B4A-11D0-8D11-00A0C91BC942}") = "Bai149", "Bai149\Bai149.vcxproj", "{BE2092D0-8400-4742-9D55-E556ED217774}"
EndProject
Project("{8BC9CEB8-8B4A-11D0-8D11-00A0C91BC942}") = "Bai154", "Bai154\Bai154.vcxproj", "{F9CCD66E-AC66-4F27-9710-8DB435F22ACB}"
EndProject
Project("{8BC9CEB8-8B4A-11D0-8D11-00A0C91BC942}") = "Bai174", "Bai174\Bai174.vcxproj", "{7A0D5EF3-5C73-4A50-9983-29DE04A69C78}"
EndProject
Project("{8BC9CEB8-8B4A-11D0-8D11-00A0C91BC942}") = "Bai179", "Bai179\Bai179.vcxproj", "{D65EFF32-6FF0-4506-95DF-A98FB0B80F5E}"
EndProject
Project("{8BC9CEB8-8B4A-11D0-8D11-00A0C91BC942}") = "Bai184", "Bai184\Bai184.vcxproj", "{26E40620-836E-43AE-9922-A6F7E004B22A}"
EndProject
Project("{8BC9CEB8-8B4A-11D0-8D11-00A0C91BC942}") = "Bai194", "Bai194\Bai194.vcxproj", "{83E7458A-9AC2-4423-A19B-50EDD5659E1B}"
EndProject
Project("{8BC9CEB8-8B4A-11D0-8D11-00A0C91BC942}") = "Bai199", "Bai199\Bai199.vcxproj", "{22DCC5C4-6F97-4A97-BCCF-F74CC8DACBCD}"
EndProject
Project("{8BC9CEB8-8B4A-11D0-8D11-00A0C91BC942}") = "Bai209", "Bai209\Bai209.vcxproj", "{C956A96B-CECC-43B5-8EAF-96AD8B20D3E7}"
EndProject
Project("{8BC9CEB8-8B4A-11D0-8D11-00A0C91BC942}") = "Bai214", "Bai214\Bai214.vcxproj", "{0B59AE87-2381-49FB-8E38-248A1721236E}"
EndProject
Project("{8BC9CEB8-8B4A-11D0-8D11-00A0C91BC942}") = "Bai219", "Bai219\Bai219.vcxproj", "{C615B992-18C2-430B-9759-ECA7F36A1CD2}"
EndProject
Project("{8BC9CEB8-8B4A-11D0-8D11-00A0C91BC942}") = "Bai234", "Bai234\Bai234.vcxproj", "{FB9A2449-0D25-4E2E-9F34-A63A581C1383}"
EndProject
Project("{8BC9CEB8-8B4A-11D0-8D11-00A0C91BC942}") = "Bai239", "Bai239\Bai239.vcxproj", "{F9EFAA7F-71D8-4FFE-94D1-87F1993B99DC}"
EndProject
Project("{8BC9CEB8-8B4A-11D0-8D11-00A0C91BC942}") = "Bai229", "Bai229\Bai229.vcxproj", "{F758ADFA-07BD-410D-8D3D-82913DE3B41E}"
EndProject
Project("{8BC9CEB8-8B4A-11D0-8D11-00A0C91BC942}") = "Bai224", "Bai224\Bai224.vcxproj", "{7399743A-9725-4AAA-8628-8F1B20F697FF}"
EndProject
Project("{8BC9CEB8-8B4A-11D0-8D11-00A0C91BC942}") = "Bai124", "Bai124\Bai124.vcxproj", "{F2C53809-194C-4D79-8A7C-A1C7D2C95A0C}"
EndProject
Project("{8BC9CEB8-8B4A-11D0-8D11-00A0C91BC942}") = "Bai144", "Bai144\Bai144.vcxproj", "{7D4099C3-CF44-4B08-A687-F6A420B4CB96}"
EndProject
Project("{8BC9CEB8-8B4A-11D0-8D11-00A0C91BC942}") = "Bai159", "Bai159\Bai159.vcxproj", "{0D139851-1CED-4032-A1A6-E0A77D46F033}"
EndProject
Project("{8BC9CEB8-8B4A-11D0-8D11-00A0C91BC942}") = "Bai164", "Bai164\Bai164.vcxproj", "{662BB3EF-06CB-4DBA-A371-3C11CA65D649}"
EndProject
Project("{8BC9CEB8-8B4A-11D0-8D11-00A0C91BC942}") = "Bai169", "Bai169\Bai169.vcxproj", "{1451FBC0-9CB7-46BA-B450-CCB81F94F37E}"
EndProject
Project("{8BC9CEB8-8B4A-11D0-8D11-00A0C91BC942}") = "Bai189", "Bai189\Bai189.vcxproj", "{D15E3246-AC05-41FD-9100-D0B2D2CCAE3F}"
EndProject
Project("{8BC9CEB8-8B4A-11D0-8D11-00A0C91BC942}") = "Bai204", "Bai204\Bai204.vcxproj", "{EE5483D9-AB1F-4FF4-B127-3587B6D8EAF0}"
EndProject
Global
	GlobalSection(SolutionConfigurationPlatforms) = preSolution
		Debug|x64 = Debug|x64
		Debug|x86 = Debug|x86
		Release|x64 = Release|x64
		Release|x86 = Release|x86
	EndGlobalSection
	GlobalSection(ProjectConfigurationPlatforms) = postSolution
		{E99BFE97-7A2B-4B82-B6B3-602AC7B13360}.Debug|x64.ActiveCfg = Debug|x64
		{E99BFE97-7A2B-4B82-B6B3-602AC7B13360}.Debug|x64.Build.0 = Debug|x64
		{E99BFE97-7A2B-4B82-B6B3-602AC7B13360}.Debug|x86.ActiveCfg = Debug|Win32
		{E99BFE97-7A2B-4B82-B6B3-602AC7B13360}.Debug|x86.Build.0 = Debug|Win32
		{E99BFE97-7A2B-4B82-B6B3-602AC7B13360}.Release|x64.ActiveCfg = Release|x64
		{E99BFE97-7A2B-4B82-B6B3-602AC7B13360}.Release|x64.Build.0 = Release|x64
		{E99BFE97-7A2B-4B82-B6B3-602AC7B13360}.Release|x86.ActiveCfg = Release|Win32
		{E99BFE97-7A2B-4B82-B6B3-602AC7B13360}.Release|x86.Build.0 = Release|Win32
		{B9D63F9D-A8BB-4301-A9AF-AF83825CF522}.Debug|x64.ActiveCfg = Debug|x64
		{B9D63F9D-A8BB-4301-A9AF-AF83825CF522}.Debug|x64.Build.0 = Debug|x64
		{B9D63F9D-A8BB-4301-A9AF-AF83825CF522}.Debug|x86.ActiveCfg = Debug|Win32
		{B9D63F9D-A8BB-4301-A9AF-AF83825CF522}.Debug|x86.Build.0 = Debug|Win32
		{B9D63F9D-A8BB-4301-A9AF-AF83825CF522}.Release|x64.ActiveCfg = Release|x64
		{B9D63F9D-A8BB-4301-A9AF-AF83825CF522}.Release|x64.Build.0 = Release|x64
		{B9D63F9D-A8BB-4301-A9AF-AF83825CF522}.Release|x86.ActiveCfg = Release|Win32
		{B9D63F9D-A8BB-4301-A9AF-AF83825CF522}.Release|x86.Build.0 = Release|Win32
		{EA32DE8E-5B00-47E4-A90D-9F24D7F0FBBB}.Debug|x64.ActiveCfg = Debug|x64
		{EA32DE8E-5B00-47E4-A90D-9F24D7F0FBBB}.Debug|x64.Build.0 = Debug|x64
		{EA32DE8E-5B00-47E4-A90D-9F24D7F0FBBB}.Debug|x86.ActiveCfg = Debug|Win32
		{EA32DE8E-5B00-47E4-A90D-9F24D7F0FBBB}.Debug|x86.Build.0 = Debug|Win32
		{EA32DE8E-5B00-47E4-A90D-9F24D7F0FBBB}.Release|x64.ActiveCfg = Release|x64
		{EA32DE8E-5B00-47E4-A90D-9F24D7F0FBBB}.Release|x64.Build.0 = Release|x64
		{EA32DE8E-5B00-47E4-A90D-9F24D7F0FBBB}.Release|x86.ActiveCfg = Release|Win32
		{EA32DE8E-5B00-47E4-A90D-9F24D7F0FBBB}.Release|x86.Build.0 = Release|Win32
		{5154621F-C03A-4DC3-B488-7ECC6E35319F}.Debug|x64.ActiveCfg = Debug|x64
		{5154621F-C03A-4DC3-B488-7ECC6E35319F}.Debug|x64.Build.0 = Debug|x64
		{5154621F-C03A-4DC3-B488-7ECC6E35319F}.Debug|x86.ActiveCfg = Debug|Win32
		{5154621F-C03A-4DC3-B488-7ECC6E35319F}.Debug|x86.Build.0 = Debug|Win32
		{5154621F-C03A-4DC3-B488-7ECC6E35319F}.Release|x64.ActiveCfg = Release|x64
		{5154621F-C03A-4DC3-B488-7ECC6E35319F}.Release|x64.Build.0 = Release|x64
		{5154621F-C03A-4DC3-B488-7ECC6E35319F}.Release|x86.ActiveCfg = Release|Win32
		{5154621F-C03A-4DC3-B488-7ECC6E35319F}.Release|x86.Build.0 = Release|Win32
		{DA788194-7DBE-4A05-84F4-6652C1C60B46}.Debug|x64.ActiveCfg = Debug|x64
		{DA788194-7DBE-4A05-84F4-6652C1C60B46}.Debug|x64.Build.0 = Debug|x64
		{DA788194-7DBE-4A05-84F4-6652C1C60B46}.Debug|x86.ActiveCfg = Debug|Win32
		{DA788194-7DBE-4A05-84F4-6652C1C60B46}.Debug|x86.Build.0 = Debug|Win32
		{DA788194-7DBE-4A05-84F4-6652C1C60B46}.Release|x64.ActiveCfg = Release|x64
		{DA788194-7DBE-4A05-84F4-6652C1C60B46}.Release|x64.Build.0 = Release|x64
		{DA788194-7DBE-4A05-84F4-6652C1C60B46}.Release|x86.ActiveCfg = Release|Win32
		{DA788194-7DBE-4A05-84F4-6652C1C60B46}.Release|x86.Build.0 = Release|Win32
		{068F0C16-09CA-462A-8E9E-716389855D19}.Debug|x64.ActiveCfg = Debug|x64
		{068F0C16-09CA-462A-8E9E-716389855D19}.Debug|x64.Build.0 = Debug|x64
		{068F0C16-09CA-462A-8E9E-716389855D19}.Debug|x86.ActiveCfg = Debug|Win32
		{068F0C16-09CA-462A-8E9E-716389855D19}.Debug|x86.Build.0 = Debug|Win32
		{068F0C16-09CA-462A-8E9E-716389855D19}.Release|x64.ActiveCfg = Release|x64
		{068F0C16-09CA-462A-8E9E-716389855D19}.Release|x64.Build.0 = Release|x64
		{068F0C16-09CA-462A-8E9E-716389855D19}.Release|x86.ActiveCfg = Release|Win32
		{068F0C16-09CA-462A-8E9E-716389855D19}.Release|x86.Build.0 = Release|Win32
		{526BB7E2-7411-47A3-8265-BFD98F42F093}.Debug|x64.ActiveCfg = Debug|x64
		{526BB7E2-7411-47A3-8265-BFD98F42F093}.Debug|x64.Build.0 = Debug|x64
		{526BB7E2-7411-47A3-8265-BFD98F42F093}.Debug|x86.ActiveCfg = Debug|Win32
		{526BB7E2-7411-47A3-8265-BFD98F42F093}.Debug|x86.Build.0 = Debug|Win32
		{526BB7E2-7411-47A3-8265-BFD98F42F093}.Release|x64.ActiveCfg = Release|x64
		{526BB7E2-7411-47A3-8265-BFD98F42F093}.Release|x64.Build.0 = Release|x64
		{526BB7E2-7411-47A3-8265-BFD98F42F093}.Release|x86.ActiveCfg = Release|Win32
		{526BB7E2-7411-47A3-8265-BFD98F42F093}.Release|x86.Build.0 = Release|Win32
		{539CCE86-A258-4223-9F46-FEAEE480BE4C}.Debug|x64.ActiveCfg = Debug|x64
		{539CCE86-A258-4223-9F46-FEAEE480BE4C}.Debug|x64.Build.0 = Debug|x64
		{539CCE86-A258-4223-9F46-FEAEE480BE4C}.Debug|x86.ActiveCfg = Debug|Win32
		{539CCE86-A258-4223-9F46-FEAEE480BE4C}.Debug|x86.Build.0 = Debug|Win32
		{539CCE86-A258-4223-9F46-FEAEE480BE4C}.Release|x64.ActiveCfg = Release|x64
		{539CCE86-A258-4223-9F46-FEAEE480BE4C}.Release|x64.Build.0 = Release|x64
		{539CCE86-A258-4223-9F46-FEAEE480BE4C}.Release|x86.ActiveCfg = Release|Win32
		{539CCE86-A258-4223-9F46-FEAEE480BE4C}.Release|x86.Build.0 = Release|Win32
		{F3EC96CB-86EB-4490-AB48-BD2A6E0EFA65}.Debug|x64.ActiveCfg = Debug|x64
		{F3EC96CB-86EB-4490-AB48-BD2A6E0EFA65}.Debug|x64.Build.0 = Debug|x64
		{F3EC96CB-86EB-4490-AB48-BD2A6E0EFA65}.Debug|x86.ActiveCfg = Debug|Win32
		{F3EC96CB-86EB-4490-AB48-BD2A6E0EFA65}.Debug|x86.Build.0 = Debug|Win32
		{F3EC96CB-86EB-4490-AB48-BD2A6E0EFA65}.Release|x64.ActiveCfg = Release|x64
		{F3EC96CB-86EB-4490-AB48-BD2A6E0EFA65}.Release|x64.Build.0 = Release|x64
		{F3EC96CB-86EB-4490-AB48-BD2A6E0EFA65}.Release|x86.ActiveCfg = Release|Win32
		{F3EC96CB-86EB-4490-AB48-BD2A6E0EFA65}.Release|x86.Build.0 = Release|Win32
		{61A0C1EE-A950-4587-A197-A539AA3CDD57}.Debug|x64.ActiveCfg = Debug|x64
		{61A0C1EE-A950-4587-A197-A539AA3CDD57}.Debug|x64.Build.0 = Debug|x64
		{61A0C1EE-A950-4587-A197-A539AA3CDD57}.Debug|x86.ActiveCfg = Debug|Win32
		{61A0C1EE-A950-4587-A197-A539AA3CDD57}.Debug|x86.Build.0 = Debug|Win32
		{61A0C1EE-A950-4587-A197-A539AA3CDD57}.Release|x64.ActiveCfg = Release|x64
		{61A0C1EE-A950-4587-A197-A539AA3CDD57}.Release|x64.Build.0 = Release|x64
		{61A0C1EE-A950-4587-A197-A539AA3CDD57}.Release|x86.ActiveCfg = Release|Win32
		{61A0C1EE-A950-4587-A197-A539AA3CDD57}.Release|x86.Build.0 = Release|Win32
		{8CFEF145-4F58-4877-81E9-FCDD989FCB40}.Debug|x64.ActiveCfg = Debug|x64
		{8CFEF145-4F58-4877-81E9-FCDD989FCB40}.Debug|x64.Build.0 = Debug|x64
		{8CFEF145-4F58-4877-81E9-FCDD989FCB40}.Debug|x86.ActiveCfg = Debug|Win32
		{8CFEF145-4F58-4877-81E9-FCDD989FCB40}.Debug|x86.Build.0 = Debug|Win32
		{8CFEF145-4F58-4877-81E9-FCDD989FCB40}.Release|x64.ActiveCfg = Release|x64
		{8CFEF145-4F58-4877-81E9-FCDD989FCB40}.Release|x64.Build.0 = Release|x64
		{8CFEF145-4F58-4877-81E9-FCDD989FCB40}.Release|x86.ActiveCfg = Release|Win32
		{8CFEF145-4F58-4877-81E9-FCDD989FCB40}.Release|x86.Build.0 = Release|Win32
		{042EBC12-487C-49C4-A0FB-2679CE9298E5}.Debug|x64.ActiveCfg = Debug|x64
		{042EBC12-487C-49C4-A0FB-2679CE9298E5}.Debug|x64.Build.0 = Debug|x64
		{042EBC12-487C-49C4-A0FB-2679CE9298E5}.Debug|x86.ActiveCfg = Debug|Win32
		{042EBC12-487C-49C4-A0FB-2679CE9298E5}.Debug|x86.Build.0 = Debug|Win32
		{042EBC12-487C-49C4-A0FB-2679CE9298E5}.Release|x64.ActiveCfg = Release|x64
		{042EBC12-487C-49C4-A0FB-2679CE9298E5}.Release|x64.Build.0 = Release|x64
		{042EBC12-487C-49C4-A0FB-2679CE9298E5}.Release|x86.ActiveCfg = Release|Win32
		{042EBC12-487C-49C4-A0FB-2679CE9298E5}.Release|x86.Build.0 = Release|Win32
		{0EBD8E52-FAE0-4F95-A8EE-D152F0D23C35}.Debug|x64.ActiveCfg = Debug|x64
		{0EBD8E52-FAE0-4F95-A8EE-D152F0D23C35}.Debug|x64.Build.0 = Debug|x64
		{0EBD8E52-FAE0-4F95-A8EE-D152F0D23C35}.Debug|x86.ActiveCfg = Debug|Win32
		{0EBD8E52-FAE0-4F95-A8EE-D152F0D23C35}.Debug|x86.Build.0 = Debug|Win32
		{0EBD8E52-FAE0-4F95-A8EE-D152F0D23C35}.Release|x64.ActiveCfg = Release|x64
		{0EBD8E52-FAE0-4F95-A8EE-D152F0D23C35}.Release|x64.Build.0 = Release|x64
		{0EBD8E52-FAE0-4F95-A8EE-D152F0D23C35}.Release|x86.ActiveCfg = Release|Win32
		{0EBD8E52-FAE0-4F95-A8EE-D152F0D23C35}.Release|x86.Build.0 = Release|Win32
		{9F3A4611-3177-4A1A-A799-8152F3EC150D}.Debug|x64.ActiveCfg = Debug|x64
		{9F3A4611-3177-4A1A-A799-8152F3EC150D}.Debug|x64.Build.0 = Debug|x64
		{9F3A4611-3177-4A1A-A799-8152F3EC150D}.Debug|x86.ActiveCfg = Debug|Win32
		{9F3A4611-3177-4A1A-A799-8152F3EC150D}.Debug|x86.Build.0 = Debug|Win32
		{9F3A4611-3177-4A1A-A799-8152F3EC150D}.Release|x64.ActiveCfg = Release|x64
		{9F3A4611-3177-4A1A-A799-8152F3EC150D}.Release|x64.Build.0 = Release|x64
		{9F3A4611-3177-4A1A-A799-8152F3EC150D}.Release|x86.ActiveCfg = Release|Win32
		{9F3A4611-3177-4A1A-A799-8152F3EC150D}.Release|x86.Build.0 = Release|Win32
		{53510EBC-0E4D-47AB-BB2C-A2E0DBBD6570}.Debug|x64.ActiveCfg = Debug|x64
		{53510EBC-0E4D-47AB-BB2C-A2E0DBBD6570}.Debug|x64.Build.0 = Debug|x64
		{53510EBC-0E4D-47AB-BB2C-A2E0DBBD6570}.Debug|x86.ActiveCfg = Debug|Win32
		{53510EBC-0E4D-47AB-BB2C-A2E0DBBD6570}.Debug|x86.Build.0 = Debug|Win32
		{53510EBC-0E4D-47AB-BB2C-A2E0DBBD6570}.Release|x64.ActiveCfg = Release|x64
		{53510EBC-0E4D-47AB-BB2C-A2E0DBBD6570}.Release|x64.Build.0 = Release|x64
		{53510EBC-0E4D-47AB-BB2C-A2E0DBBD6570}.Release|x86.ActiveCfg = Release|Win32
		{53510EBC-0E4D-47AB-BB2C-A2E0DBBD6570}.Release|x86.Build.0 = Release|Win32
		{9096E556-A781-4E3B-899D-860F30CA0541}.Debug|x64.ActiveCfg = Debug|x64
		{9096E556-A781-4E3B-899D-860F30CA0541}.Debug|x64.Build.0 = Debug|x64
		{9096E556-A781-4E3B-899D-860F30CA0541}.Debug|x86.ActiveCfg = Debug|Win32
		{9096E556-A781-4E3B-899D-860F30CA0541}.Debug|x86.Build.0 = Debug|Win32
		{9096E556-A781-4E3B-899D-860F30CA0541}.Release|x64.ActiveCfg = Release|x64
		{9096E556-A781-4E3B-899D-860F30CA0541}.Release|x64.Build.0 = Release|x64
		{9096E556-A781-4E3B-899D-860F30CA0541}.Release|x86.ActiveCfg = Release|Win32
		{9096E556-A781-4E3B-899D-860F30CA0541}.Release|x86.Build.0 = Release|Win32
		{4B858385-8073-426B-8A75-8B08C87C3AA7}.Debug|x64.ActiveCfg = Debug|x64
		{4B858385-8073-426B-8A75-8B08C87C3AA7}.Debug|x64.Build.0 = Debug|x64
		{4B858385-8073-426B-8A75-8B08C87C3AA7}.Debug|x86.ActiveCfg = Debug|Win32
		{4B858385-8073-426B-8A75-8B08C87C3AA7}.Debug|x86.Build.0 = Debug|Win32
		{4B858385-8073-426B-8A75-8B08C87C3AA7}.Release|x64.ActiveCfg = Release|x64
		{4B858385-8073-426B-8A75-8B08C87C3AA7}.Release|x64.Build.0 = Release|x64
		{4B858385-8073-426B-8A75-8B08C87C3AA7}.Release|x86.ActiveCfg = Release|Win32
		{4B858385-8073-426B-8A75-8B08C87C3AA7}.Release|x86.Build.0 = Release|Win32
		{177F146A-A548-4E5E-854B-720C937EA85D}.Debug|x64.ActiveCfg = Debug|x64
		{177F146A-A548-4E5E-854B-720C937EA85D}.Debug|x64.Build.0 = Debug|x64
		{177F146A-A548-4E5E-854B-720C937EA85D}.Debug|x86.ActiveCfg = Debug|Win32
		{177F146A-A548-4E5E-854B-720C937EA85D}.Debug|x86.Build.0 = Debug|Win32
		{177F146A-A548-4E5E-854B-720C937EA85D}.Release|x64.ActiveCfg = Release|x64
		{177F146A-A548-4E5E-854B-720C937EA85D}.Release|x64.Build.0 = Release|x64
		{177F146A-A548-4E5E-854B-720C937EA85D}.Release|x86.ActiveCfg = Release|Win32
		{177F146A-A548-4E5E-854B-720C937EA85D}.Release|x86.Build.0 = Release|Win32
		{4532D991-C262-4BE2-8B91-29FF7188E559}.Debug|x64.ActiveCfg = Debug|x64
		{4532D991-C262-4BE2-8B91-29FF7188E559}.Debug|x64.Build.0 = Debug|x64
		{4532D991-C262-4BE2-8B91-29FF7188E559}.Debug|x86.ActiveCfg = Debug|Win32
		{4532D991-C262-4BE2-8B91-29FF7188E559}.Debug|x86.Build.0 = Debug|Win32
		{4532D991-C262-4BE2-8B91-29FF7188E559}.Release|x64.ActiveCfg = Release|x64
		{4532D991-C262-4BE2-8B91-29FF7188E559}.Release|x64.Build.0 = Release|x64
		{4532D991-C262-4BE2-8B91-29FF7188E559}.Release|x86.ActiveCfg = Release|Win32
		{4532D991-C262-4BE2-8B91-29FF7188E559}.Release|x86.Build.0 = Release|Win32
		{B5F4BCEB-9614-430A-AC16-2F8B285A356B}.Debug|x64.ActiveCfg = Debug|x64
		{B5F4BCEB-9614-430A-AC16-2F8B285A356B}.Debug|x64.Build.0 = Debug|x64
		{B5F4BCEB-9614-430A-AC16-2F8B285A356B}.Debug|x86.ActiveCfg = Debug|Win32
		{B5F4BCEB-9614-430A-AC16-2F8B285A356B}.Debug|x86.Build.0 = Debug|Win32
		{B5F4BCEB-9614-430A-AC16-2F8B285A356B}.Release|x64.ActiveCfg = Release|x64
		{B5F4BCEB-9614-430A-AC16-2F8B285A356B}.Release|x64.Build.0 = Release|x64
		{B5F4BCEB-9614-430A-AC16-2F8B285A356B}.Release|x86.ActiveCfg = Release|Win32
		{B5F4BCEB-9614-430A-AC16-2F8B285A356B}.Release|x86.Build.0 = Release|Win32
		{6CBD949F-4356-4D29-9979-0297A0010951}.Debug|x64.ActiveCfg = Debug|x64
		{6CBD949F-4356-4D29-9979-0297A0010951}.Debug|x64.Build.0 = Debug|x64
		{6CBD949F-4356-4D29-9979-0297A0010951}.Debug|x86.ActiveCfg = Debug|Win32
		{6CBD949F-4356-4D29-9979-0297A0010951}.Debug|x86.Build.0 = Debug|Win32
		{6CBD949F-4356-4D29-9979-0297A0010951}.Release|x64.ActiveCfg = Release|x64
		{6CBD949F-4356-4D29-9979-0297A0010951}.Release|x64.Build.0 = Release|x64
		{6CBD949F-4356-4D29-9979-0297A0010951}.Release|x86.ActiveCfg = Release|Win32
		{6CBD949F-4356-4D29-9979-0297A0010951}.Release|x86.Build.0 = Release|Win32
		{A4A16E06-D4F9-4807-AF0C-C5CCFCFC61B0}.Debug|x64.ActiveCfg = Debug|x64
		{A4A16E06-D4F9-4807-AF0C-C5CCFCFC61B0}.Debug|x64.Build.0 = Debug|x64
		{A4A16E06-D4F9-4807-AF0C-C5CCFCFC61B0}.Debug|x86.ActiveCfg = Debug|Win32
		{A4A16E06-D4F9-4807-AF0C-C5CCFCFC61B0}.Debug|x86.Build.0 = Debug|Win32
		{A4A16E06-D4F9-4807-AF0C-C5CCFCFC61B0}.Release|x64.ActiveCfg = Release|x64
		{A4A16E06-D4F9-4807-AF0C-C5CCFCFC61B0}.Release|x64.Build.0 = Release|x64
		{A4A16E06-D4F9-4807-AF0C-C5CCFCFC61B0}.Release|x86.ActiveCfg = Release|Win32
		{A4A16E06-D4F9-4807-AF0C-C5CCFCFC61B0}.Release|x86.Build.0 = Release|Win32
		{5B40C337-D847-4CD0-95AA-9B57F371F1CE}.Debug|x64.ActiveCfg = Debug|x64
		{5B40C337-D847-4CD0-95AA-9B57F371F1CE}.Debug|x64.Build.0 = Debug|x64
		{5B40C337-D847-4CD0-95AA-9B57F371F1CE}.Debug|x86.ActiveCfg = Debug|Win32
		{5B40C337-D847-4CD0-95AA-9B57F371F1CE}.Debug|x86.Build.0 = Debug|Win32
		{5B40C337-D847-4CD0-95AA-9B57F371F1CE}.Release|x64.ActiveCfg = Release|x64
		{5B40C337-D847-4CD0-95AA-9B57F371F1CE}.Release|x64.Build.0 = Release|x64
		{5B40C337-D847-4CD0-95AA-9B57F371F1CE}.Release|x86.ActiveCfg = Release|Win32
		{5B40C337-D847-4CD0-95AA-9B57F371F1CE}.Release|x86.Build.0 = Release|Win32
		{54DDB4E8-A34E-490E-B163-21E53DBE2137}.Debug|x64.ActiveCfg = Debug|x64
		{54DDB4E8-A34E-490E-B163-21E53DBE2137}.Debug|x64.Build.0 = Debug|x64
		{54DDB4E8-A34E-490E-B163-21E53DBE2137}.Debug|x86.ActiveCfg = Debug|Win32
		{54DDB4E8-A34E-490E-B163-21E53DBE2137}.Debug|x86.Build.0 = Debug|Win32
		{54DDB4E8-A34E-490E-B163-21E53DBE2137}.Release|x64.ActiveCfg = Release|x64
		{54DDB4E8-A34E-490E-B163-21E53DBE2137}.Release|x64.Build.0 = Release|x64
		{54DDB4E8-A34E-490E-B163-21E53DBE2137}.Release|x86.ActiveCfg = Release|Win32
		{54DDB4E8-A34E-490E-B163-21E53DBE2137}.Release|x86.Build.0 = Release|Win32
		{86A90330-3EEE-4476-B5F9-0E6FB5482802}.Debug|x64.ActiveCfg = Debug|x64
		{86A90330-3EEE-4476-B5F9-0E6FB5482802}.Debug|x64.Build.0 = Debug|x64
		{86A90330-3EEE-4476-B5F9-0E6FB5482802}.Debug|x86.ActiveCfg = Debug|Win32
		{86A90330-3EEE-4476-B5F9-0E6FB5482802}.Debug|x86.Build.0 = Debug|Win32
		{86A90330-3EEE-4476-B5F9-0E6FB5482802}.Release|x64.ActiveCfg = Release|x64
		{86A90330-3EEE-4476-B5F9-0E6FB5482802}.Release|x64.Build.0 = Release|x64
		{86A90330-3EEE-4476-B5F9-0E6FB5482802}.Release|x86.ActiveCfg = Release|Win32
		{86A90330-3EEE-4476-B5F9-0E6FB5482802}.Release|x86.Build.0 = Release|Win32
		{5F120D76-11EB-4A40-B1A3-3AA900987360}.Debug|x64.ActiveCfg = Debug|x64
		{5F120D76-11EB-4A40-B1A3-3AA900987360}.Debug|x64.Build.0 = Debug|x64
		{5F120D76-11EB-4A40-B1A3-3AA900987360}.Debug|x86.ActiveCfg = Debug|Win32
		{5F120D76-11EB-4A40-B1A3-3AA900987360}.Debug|x86.Build.0 = Debug|Win32
		{5F120D76-11EB-4A40-B1A3-3AA900987360}.Release|x64.ActiveCfg = Release|x64
		{5F120D76-11EB-4A40-B1A3-3AA900987360}.Release|x64.Build.0 = Release|x64
		{5F120D76-11EB-4A40-B1A3-3AA900987360}.Release|x86.ActiveCfg = Release|Win32
		{5F120D76-11EB-4A40-B1A3-3AA900987360}.Release|x86.Build.0 = Release|Win32
		{5394E76D-6104-408C-9321-BA90B4D1501A}.Debug|x64.ActiveCfg = Debug|x64
		{5394E76D-6104-408C-9321-BA90B4D1501A}.Debug|x64.Build.0 = Debug|x64
		{5394E76D-6104-408C-9321-BA90B4D1501A}.Debug|x86.ActiveCfg = Debug|Win32
		{5394E76D-6104-408C-9321-BA90B4D1501A}.Debug|x86.Build.0 = Debug|Win32
		{5394E76D-6104-408C-9321-BA90B4D1501A}.Release|x64.ActiveCfg = Release|x64
		{5394E76D-6104-408C-9321-BA90B4D1501A}.Release|x64.Build.0 = Release|x64
		{5394E76D-6104-408C-9321-BA90B4D1501A}.Release|x86.ActiveCfg = Release|Win32
		{5394E76D-6104-408C-9321-BA90B4D1501A}.Release|x86.Build.0 = Release|Win32
		{BE2092D0-8400-4742-9D55-E556ED217774}.Debug|x64.ActiveCfg = Debug|x64
		{BE2092D0-8400-4742-9D55-E556ED217774}.Debug|x64.Build.0 = Debug|x64
		{BE2092D0-8400-4742-9D55-E556ED217774}.Debug|x86.ActiveCfg = Debug|Win32
		{BE2092D0-8400-4742-9D55-E556ED217774}.Debug|x86.Build.0 = Debug|Win32
		{BE2092D0-8400-4742-9D55-E556ED217774}.Release|x64.ActiveCfg = Release|x64
		{BE2092D0-8400-4742-9D55-E556ED217774}.Release|x64.Build.0 = Release|x64
		{BE2092D0-8400-4742-9D55-E556ED217774}.Release|x86.ActiveCfg = Release|Win32
		{BE2092D0-8400-4742-9D55-E556ED217774}.Release|x86.Build.0 = Release|Win32
		{F9CCD66E-AC66-4F27-9710-8DB435F22ACB}.Debug|x64.ActiveCfg = Debug|x64
		{F9CCD66E-AC66-4F27-9710-8DB435F22ACB}.Debug|x64.Build.0 = Debug|x64
		{F9CCD66E-AC66-4F27-9710-8DB435F22ACB}.Debug|x86.ActiveCfg = Debug|Win32
		{F9CCD66E-AC66-4F27-9710-8DB435F22ACB}.Debug|x86.Build.0 = Debug|Win32
		{F9CCD66E-AC66-4F27-9710-8DB435F22ACB}.Release|x64.ActiveCfg = Release|x64
		{F9CCD66E-AC66-4F27-9710-8DB435F22ACB}.Release|x64.Build.0 = Release|x64
		{F9CCD66E-AC66-4F27-9710-8DB435F22ACB}.Release|x86.ActiveCfg = Release|Win32
		{F9CCD66E-AC66-4F27-9710-8DB435F22ACB}.Release|x86.Build.0 = Release|Win32
		{7A0D5EF3-5C73-4A50-9983-29DE04A69C78}.Debug|x64.ActiveCfg = Debug|x64
		{7A0D5EF3-5C73-4A50-9983-29DE04A69C78}.Debug|x64.Build.0 = Debug|x64
		{7A0D5EF3-5C73-4A50-9983-29DE04A69C78}.Debug|x86.ActiveCfg = Debug|Win32
		{7A0D5EF3-5C73-4A50-9983-29DE04A69C78}.Debug|x86.Build.0 = Debug|Win32
		{7A0D5EF3-5C73-4A50-9983-29DE04A69C78}.Release|x64.ActiveCfg = Release|x64
		{7A0D5EF3-5C73-4A50-9983-29DE04A69C78}.Release|x64.Build.0 = Release|x64
		{7A0D5EF3-5C73-4A50-9983-29DE04A69C78}.Release|x86.ActiveCfg = Release|Win32
		{7A0D5EF3-5C73-4A50-9983-29DE04A69C78}.Release|x86.Build.0 = Release|Win32
		{D65EFF32-6FF0-4506-95DF-A98FB0B80F5E}.Debug|x64.ActiveCfg = Debug|x64
		{D65EFF32-6FF0-4506-95DF-A98FB0B80F5E}.Debug|x64.Build.0 = Debug|x64
		{D65EFF32-6FF0-4506-95DF-A98FB0B80F5E}.Debug|x86.ActiveCfg = Debug|Win32
		{D65EFF32-6FF0-4506-95DF-A98FB0B80F5E}.Debug|x86.Build.0 = Debug|Win32
		{D65EFF32-6FF0-4506-95DF-A98FB0B80F5E}.Release|x64.ActiveCfg = Release|x64
		{D65EFF32-6FF0-4506-95DF-A98FB0B80F5E}.Release|x64.Build.0 = Release|x64
		{D65EFF32-6FF0-4506-95DF-A98FB0B80F5E}.Release|x86.ActiveCfg = Release|Win32
		{D65EFF32-6FF0-4506-95DF-A98FB0B80F5E}.Release|x86.Build.0 = Release|Win32
		{26E40620-836E-43AE-9922-A6F7E004B22A}.Debug|x64.ActiveCfg = Debug|x64
		{26E40620-836E-43AE-9922-A6F7E004B22A}.Debug|x64.Build.0 = Debug|x64
		{26E40620-836E-43AE-9922-A6F7E004B22A}.Debug|x86.ActiveCfg = Debug|Win32
		{26E40620-836E-43AE-9922-A6F7E004B22A}.Debug|x86.Build.0 = Debug|Win32
		{26E40620-836E-43AE-9922-A6F7E004B22A}.Release|x64.ActiveCfg = Release|x64
		{26E40620-836E-43AE-9922-A6F7E004B22A}.Release|x64.Build.0 = Release|x64
		{26E40620-836E-43AE-9922-A6F7E004B22A}.Release|x86.ActiveCfg = Release|Win32
		{26E40620-836E-43AE-9922-A6F7E004B22A}.Release|x86.Build.0 = Release|Win32
		{83E7458A-9AC2-4423-A19B-50EDD5659E1B}.Debug|x64.ActiveCfg = Debug|x64
		{83E7458A-9AC2-4423-A19B-50EDD5659E1B}.Debug|x64.Build.0 = Debug|x64
		{83E7458A-9AC2-4423-A19B-50EDD5659E1B}.Debug|x86.ActiveCfg = Debug|Win32
		{83E7458A-9AC2-4423-A19B-50EDD5659E1B}.Debug|x86.Build.0 = Debug|Win32
		{83E7458A-9AC2-4423-A19B-50EDD5659E1B}.Release|x64.ActiveCfg = Release|x64
		{83E7458A-9AC2-4423-A19B-50EDD5659E1B}.Release|x64.Build.0 = Release|x64
		{83E7458A-9AC2-4423-A19B-50EDD5659E1B}.Release|x86.ActiveCfg = Release|Win32
		{83E7458A-9AC2-4423-A19B-50EDD5659E1B}.Release|x86.Build.0 = Release|Win32
		{22DCC5C4-6F97-4A97-BCCF-F74CC8DACBCD}.Debug|x64.ActiveCfg = Debug|x64
		{22DCC5C4-6F97-4A97-BCCF-F74CC8DACBCD}.Debug|x64.Build.0 = Debug|x64
		{22DCC5C4-6F97-4A97-BCCF-F74CC8DACBCD}.Debug|x86.ActiveCfg = Debug|Win32
		{22DCC5C4-6F97-4A97-BCCF-F74CC8DACBCD}.Debug|x86.Build.0 = Debug|Win32
		{22DCC5C4-6F97-4A97-BCCF-F74CC8DACBCD}.Release|x64.ActiveCfg = Release|x64
		{22DCC5C4-6F97-4A97-BCCF-F74CC8DACBCD}.Release|x64.Build.0 = Release|x64
		{22DCC5C4-6F97-4A97-BCCF-F74CC8DACBCD}.Release|x86.ActiveCfg = Release|Win32
		{22DCC5C4-6F97-4A97-BCCF-F74CC8DACBCD}.Release|x86.Build.0 = Release|Win32
		{C956A96B-CECC-43B5-8EAF-96AD8B20D3E7}.Debug|x64.ActiveCfg = Debug|x64
		{C956A96B-CECC-43B5-8EAF-96AD8B20D3E7}.Debug|x64.Build.0 = Debug|x64
		{C956A96B-CECC-43B5-8EAF-96AD8B20D3E7}.Debug|x86.ActiveCfg = Debug|Win32
		{C956A96B-CECC-43B5-8EAF-96AD8B20D3E7}.Debug|x86.Build.0 = Debug|Win32
		{C956A96B-CECC-43B5-8EAF-96AD8B20D3E7}.Release|x64.ActiveCfg = Release|x64
		{C956A96B-CECC-43B5-8EAF-96AD8B20D3E7}.Release|x64.Build.0 = Release|x64
		{C956A96B-CECC-43B5-8EAF-96AD8B20D3E7}.Release|x86.ActiveCfg = Release|Win32
		{C956A96B-CECC-43B5-8EAF-96AD8B20D3E7}.Release|x86.Build.0 = Release|Win32
		{0B59AE87-2381-49FB-8E38-248A1721236E}.Debug|x64.ActiveCfg = Debug|x64
		{0B59AE87-2381-49FB-8E38-248A1721236E}.Debug|x64.Build.0 = Debug|x64
		{0B59AE87-2381-49FB-8E38-248A1721236E}.Debug|x86.ActiveCfg = Debug|Win32
		{0B59AE87-2381-49FB-8E38-248A1721236E}.Debug|x86.Build.0 = Debug|Win32
		{0B59AE87-2381-49FB-8E38-248A1721236E}.Release|x64.ActiveCfg = Release|x64
		{0B59AE87-2381-49FB-8E38-248A1721236E}.Release|x64.Build.0 = Release|x64
		{0B59AE87-2381-49FB-8E38-248A1721236E}.Release|x86.ActiveCfg = Release|Win32
		{0B59AE87-2381-49FB-8E38-248A1721236E}.Release|x86.Build.0 = Release|Win32
		{C615B992-18C2-430B-9759-ECA7F36A1CD2}.Debug|x64.ActiveCfg = Debug|x64
		{C615B992-18C2-430B-9759-ECA7F36A1CD2}.Debug|x64.Build.0 = Debug|x64
		{C615B992-18C2-430B-9759-ECA7F36A1CD2}.Debug|x86.ActiveCfg = Debug|Win32
		{C615B992-18C2-430B-9759-ECA7F36A1CD2}.Debug|x86.Build.0 = Debug|Win32
		{C615B992-18C2-430B-9759-ECA7F36A1CD2}.Release|x64.ActiveCfg = Release|x64
		{C615B992-18C2-430B-9759-ECA7F36A1CD2}.Release|x64.Build.0 = Release|x64
		{C615B992-18C2-430B-9759-ECA7F36A1CD2}.Release|x86.ActiveCfg = Release|Win32
		{C615B992-18C2-430B-9759-ECA7F36A1CD2}.Release|x86.Build.0 = Release|Win32
		{FB9A2449-0D25-4E2E-9F34-A63A581C1383}.Debug|x64.ActiveCfg = Debug|x64
		{FB9A2449-0D25-4E2E-9F34-A63A581C1383}.Debug|x64.Build.0 = Debug|x64
		{FB9A2449-0D25-4E2E-9F34-A63A581C1383}.Debug|x86.ActiveCfg = Debug|Win32
		{FB9A2449-0D25-4E2E-9F34-A63A581C1383}.Debug|x86.Build.0 = Debug|Win32
		{FB9A2449-0D25-4E2E-9F34-A63A581C1383}.Release|x64.ActiveCfg = Release|x64
		{FB9A2449-0D25-4E2E-9F34-A63A581C1383}.Release|x64.Build.0 = Release|x64
		{FB9A2449-0D25-4E2E-9F34-A63A581C1383}.Release|x86.ActiveCfg = Release|Win32
		{FB9A2449-0D25-4E2E-9F34-A63A581C1383}.Release|x86.Build.0 = Release|Win32
		{F9EFAA7F-71D8-4FFE-94D1-87F1993B99DC}.Debug|x64.ActiveCfg = Debug|x64
		{F9EFAA7F-71D8-4FFE-94D1-87F1993B99DC}.Debug|x64.Build.0 = Debug|x64
		{F9EFAA7F-71D8-4FFE-94D1-87F1993B99DC}.Debug|x86.ActiveCfg = Debug|Win32
		{F9EFAA7F-71D8-4FFE-94D1-87F1993B99DC}.Debug|x86.Build.0 = Debug|Win32
		{F9EFAA7F-71D8-4FFE-94D1-87F1993B99DC}.Release|x64.ActiveCfg = Release|x64
		{F9EFAA7F-71D8-4FFE-94D1-87F1993B99DC}.Release|x64.Build.0 = Release|x64
		{F9EFAA7F-71D8-4FFE-94D1-87F1993B99DC}.Release|x86.ActiveCfg = Release|Win32
		{F9EFAA7F-71D8-4FFE-94D1-87F1993B99DC}.Release|x86.Build.0 = Release|Win32
		{F758ADFA-07BD-410D-8D3D-82913DE3B41E}.Debug|x64.ActiveCfg = Debug|x64
		{F758ADFA-07BD-410D-8D3D-82913DE3B41E}.Debug|x64.Build.0 = Debug|x64
		{F758ADFA-07BD-410D-8D3D-82913DE3B41E}.Debug|x86.ActiveCfg = Debug|Win32
		{F758ADFA-07BD-410D-8D3D-82913DE3B41E}.Debug|x86.Build.0 = Debug|Win32
		{F758ADFA-07BD-410D-8D3D-82913DE3B41E}.Release|x64.ActiveCfg = Release|x64
		{F758ADFA-07BD-410D-8D3D-82913DE3B41E}.Release|x64.Build.0 = Release|x64
		{F758ADFA-07BD-410D-8D3D-82913DE3B41E}.Release|x86.ActiveCfg = Release|Win32
		{F758ADFA-07BD-410D-8D3D-82913DE3B41E}.Release|x86.Build.0 = Release|Win32
		{7399743A-9725-4AAA-8628-8F1B20F697FF}.Debug|x64.ActiveCfg = Debug|x64
		{7399743A-9725-4AAA-8628-8F1B20F697FF}.Debug|x64.Build.0 = Debug|x64
		{7399743A-9725-4AAA-8628-8F1B20F697FF}.Debug|x86.ActiveCfg = Debug|Win32
		{7399743A-9725-4AAA-8628-8F1B20F697FF}.Debug|x86.Build.0 = Debug|Win32
		{7399743A-9725-4AAA-8628-8F1B20F697FF}.Release|x64.ActiveCfg = Release|x64
		{7399743A-9725-4AAA-8628-8F1B20F697FF}.Release|x64.Build.0 = Release|x64
		{7399743A-9725-4AAA-8628-8F1B20F697FF}.Release|x86.ActiveCfg = Release|Win32
		{7399743A-9725-4AAA-8628-8F1B20F697FF}.Release|x86.Build.0 = Release|Win32
		{F2C53809-194C-4D79-8A7C-A1C7D2C95A0C}.Debug|x64.ActiveCfg = Debug|x64
		{F2C53809-194C-4D79-8A7C-A1C7D2C95A0C}.Debug|x64.Build.0 = Debug|x64
		{F2C53809-194C-4D79-8A7C-A1C7D2C95A0C}.Debug|x86.ActiveCfg = Debug|Win32
		{F2C53809-194C-4D79-8A7C-A1C7D2C95A0C}.Debug|x86.Build.0 = Debug|Win32
		{F2C53809-194C-4D79-8A7C-A1C7D2C95A0C}.Release|x64.ActiveCfg = Release|x64
		{F2C53809-194C-4D79-8A7C-A1C7D2C95A0C}.Release|x64.Build.0 = Release|x64
		{F2C53809-194C-4D79-8A7C-A1C7D2C95A0C}.Release|x86.ActiveCfg = Release|Win32
		{F2C53809-194C-4D79-8A7C-A1C7D2C95A0C}.Release|x86.Build.0 = Release|Win32
		{7D4099C3-CF44-4B08-A687-F6A420B4CB96}.Debug|x64.ActiveCfg = Debug|x64
		{7D4099C3-CF44-4B08-A687-F6A420B4CB96}.Debug|x64.Build.0 = Debug|x64
		{7D4099C3-CF44-4B08-A687-F6A420B4CB96}.Debug|x86.ActiveCfg = Debug|Win32
		{7D4099C3-CF44-4B08-A687-F6A420B4CB96}.Debug|x86.Build.0 = Debug|Win32
		{7D4099C3-CF44-4B08-A687-F6A420B4CB96}.Release|x64.ActiveCfg = Release|x64
		{7D4099C3-CF44-4B08-A687-F6A420B4CB96}.Release|x64.Build.0 = Release|x64
		{7D4099C3-CF44-4B08-A687-F6A420B4CB96}.Release|x86.ActiveCfg = Release|Win32
		{7D4099C3-CF44-4B08-A687-F6A420B4CB96}.Release|x86.Build.0 = Release|Win32
		{0D139851-1CED-4032-A1A6-E0A77D46F033}.Debug|x64.ActiveCfg = Debug|x64
		{0D139851-1CED-4032-A1A6-E0A77D46F033}.Debug|x64.Build.0 = Debug|x64
		{0D139851-1CED-4032-A1A6-E0A77D46F033}.Debug|x86.ActiveCfg = Debug|Win32
		{0D139851-1CED-4032-A1A6-E0A77D46F033}.Debug|x86.Build.0 = Debug|Win32
		{0D139851-1CED-4032-A1A6-E0A77D46F033}.Release|x64.ActiveCfg = Release|x64
		{0D139851-1CED-4032-A1A6-E0A77D46F033}.Release|x64.Build.0 = Release|x64
		{0D139851-1CED-4032-A1A6-E0A77D46F033}.Release|x86.ActiveCfg = Release|Win32
		{0D139851-1CED-4032-A1A6-E0A77D46F033}.Release|x86.Build.0 = Release|Win32
		{662BB3EF-06CB-4DBA-A371-3C11CA65D649}.Debug|x64.ActiveCfg = Debug|x64
		{662BB3EF-06CB-4DBA-A371-3C11CA65D649}.Debug|x64.Build.0 = Debug|x64
		{662BB3EF-06CB-4DBA-A371-3C11CA65D649}.Debug|x86.ActiveCfg = Debug|Win32
		{662BB3EF-06CB-4DBA-A371-3C11CA65D649}.Debug|x86.Build.0 = Debug|Win32
		{662BB3EF-06CB-4DBA-A371-3C11CA65D649}.Release|x64.ActiveCfg = Release|x64
		{662BB3EF-06CB-4DBA-A371-3C11CA65D649}.Release|x64.Build.0 = Release|x64
		{662BB3EF-06CB-4DBA-A371-3C11CA65D649}.Release|x86.ActiveCfg = Release|Win32
		{662BB3EF-06CB-4DBA-A371-3C11CA65D649}.Release|x86.Build.0 = Release|Win32
		{1451FBC0-9CB7-46BA-B450-CCB81F94F37E}.Debug|x64.ActiveCfg = Debug|x64
		{1451FBC0-9CB7-46BA-B450-CCB81F94F37E}.Debug|x64.Build.0 = Debug|x64
		{1451FBC0-9CB7-46BA-B450-CCB81F94F37E}.Debug|x86.ActiveCfg = Debug|Win32
		{1451FBC0-9CB7-46BA-B450-CCB81F94F37E}.Debug|x86.Build.0 = Debug|Win32
		{1451FBC0-9CB7-46BA-B450-CCB81F94F37E}.Release|x64.ActiveCfg = Release|x64
		{1451FBC0-9CB7-46BA-B450-CCB81F94F37E}.Release|x64.Build.0 = Release|x64
		{1451FBC0-9CB7-46BA-B450-CCB81F94F37E}.Release|x86.ActiveCfg = Release|Win32
		{1451FBC0-9CB7-46BA-B450-CCB81F94F37E}.Release|x86.Build.0 = Release|Win32
		{D15E3246-AC05-41FD-9100-D0B2D2CCAE3F}.Debug|x64.ActiveCfg = Debug|x64
		{D15E3246-AC05-41FD-9100-D0B2D2CCAE3F}.Debug|x64.Build.0 = Debug|x64
		{D15E3246-AC05-41FD-9100-D0B2D2CCAE3F}.Debug|x86.ActiveCfg = Debug|Win32
		{D15E3246-AC05-41FD-9100-D0B2D2CCAE3F}.Debug|x86.Build.0 = Debug|Win32
		{D15E3246-AC05-41FD-9100-D0B2D2CCAE3F}.Release|x64.ActiveCfg = Release|x64
		{D15E3246-AC05-41FD-9100-D0B2D2CCAE3F}.Release|x64.Build.0 = Release|x64
		{D15E3246-AC05-41FD-9100-D0B2D2CCAE3F}.Release|x86.ActiveCfg = Release|Win32
		{D15E3246-AC05-41FD-9100-D0B2D2CCAE3F}.Release|x86.Build.0 = Release|Win32
		{EE5483D9-AB1F-4FF4-B127-3587B6D8EAF0}.Debug|x64.ActiveCfg = Debug|x64
		{EE5483D9-AB1F-4FF4-B127-3587B6D8EAF0}.Debug|x64.Build.0 = Debug|x64
		{EE5483D9-AB1F-4FF4-B127-3587B6D8EAF0}.Debug|x86.ActiveCfg = Debug|Win32
		{EE5483D9-AB1F-4FF4-B127-3587B6D8EAF0}.Debug|x86.Build.0 = Debug|Win32
		{EE5483D9-AB1F-4FF4-B127-3587B6D8EAF0}.Release|x64.ActiveCfg = Release|x64
		{EE5483D9-AB1F-4FF4-B127-3587B6D8EAF0}.Release|x64.Build.0 = Release|x64
		{EE5483D9-AB1F-4FF4-B127-3587B6D8EAF0}.Release|x86.ActiveCfg = Release|Win32
		{EE5483D9-AB1F-4FF4-B127-3587B6D8EAF0}.Release|x86.Build.0 = Release|Win32
	EndGlobalSection
	GlobalSection(SolutionProperties) = preSolution
		HideSolutionNode = FALSE
	EndGlobalSection
	GlobalSection(ExtensibilityGlobals) = postSolution
		SolutionGuid = {C38512E5-5156-4C67-9CA6-1281E5DC19B8}
	EndGlobalSection
EndGlobal
