
Microsoft Visual Studio Solution File, Format Version 12.00
# Visual Studio Version 17
VisualStudioVersion = 17.7.34031.279
MinimumVisualStudioVersion = 10.0.40219.1
Project("{8BC9CEB8-8B4A-11D0-8D11-00A0C91BC942}") = "bai001", "Bai001\bai001.vcxproj", "{BC47226C-4C75-4A9B-816C-83EE54D322EC}"
EndProject
Project("{8BC9CEB8-8B4A-11D0-8D11-00A0C91BC942}") = "bai006", "bai006\bai006.vcxproj", "{FDAD222B-053B-4E80-8F04-2436C9537CF2}"
EndProject
Project("{8BC9CEB8-8B4A-11D0-8D11-00A0C91BC942}") = "Bai011", "Bai011\Bai011.vcxproj", "{0693D2B1-8D54-4A8E-AE91-9F4028919A6B}"
EndProject
Project("{8BC9CEB8-8B4A-11D0-8D11-00A0C91BC942}") = "Bai016", "Bai016\Bai016.vcxproj", "{3760C061-AE2F-47BF-AEEA-E8DB3EF5D804}"
EndProject
Project("{8BC9CEB8-8B4A-11D0-8D11-00A0C91BC942}") = "Bai021", "Bai021\Bai021.vcxproj", "{927F9E01-1828-4172-8B6B-674532FB5BBA}"
EndProject
Project("{8BC9CEB8-8B4A-11D0-8D11-00A0C91BC942}") = "Bai026", "Bai026\Bai026.vcxproj", "{42E04BB4-0C03-4744-B6BA-A194A3092A87}"
EndProject
Project("{8BC9CEB8-8B4A-11D0-8D11-00A0C91BC942}") = "Bai031", "Bai031\Bai031.vcxproj", "{7BA12D70-A1DF-41EA-97F1-27EC6619E49D}"
EndProject
Project("{8BC9CEB8-8B4A-11D0-8D11-00A0C91BC942}") = "Bai036", "Bai036\Bai036.vcxproj", "{8AE271B3-2D18-4F58-943C-DFCED663273A}"
EndProject
Project("{8BC9CEB8-8B4A-11D0-8D11-00A0C91BC942}") = "Bai041", "Bai041\Bai041.vcxproj", "{661A042B-3396-4FC4-8FAD-0DD2AF8DBA5A}"
EndProject
Project("{8BC9CEB8-8B4A-11D0-8D11-00A0C91BC942}") = "Bai046", "Bai046\Bai046.vcxproj", "{16FB1E64-5E68-4B5D-BBF9-36C19B44CCE9}"
EndProject
Project("{8BC9CEB8-8B4A-11D0-8D11-00A0C91BC942}") = "bai051", "Bai051\bai051.vcxproj", "{4540C61E-E024-4EF9-9E2C-9039D6B7DC4C}"
EndProject
Project("{8BC9CEB8-8B4A-11D0-8D11-00A0C91BC942}") = "Bai056", "Bai056\Bai056.vcxproj", "{BC18AE77-5C65-4397-A3F3-5925B4004736}"
EndProject
Project("{8BC9CEB8-8B4A-11D0-8D11-00A0C91BC942}") = "Bai061", "Bai061\Bai061.vcxproj", "{A10A6B09-F148-4CC0-BD78-24DD058A262A}"
EndProject
Project("{8BC9CEB8-8B4A-11D0-8D11-00A0C91BC942}") = "Bai066", "Bai066\Bai066.vcxproj", "{DECE2D9E-642D-48C1-A2CD-3BE668F5ED0D}"
EndProject
Project("{8BC9CEB8-8B4A-11D0-8D11-00A0C91BC942}") = "Bai071", "Bai071\Bai071.vcxproj", "{B3A2C7E6-4D45-48EF-9745-19B1F44DAD0D}"
EndProject
Project("{8BC9CEB8-8B4A-11D0-8D11-00A0C91BC942}") = "Bai076", "Bai076\Bai076.vcxproj", "{A9FBD914-C5BF-495A-89F1-97CF10DD23D5}"
EndProject
Project("{8BC9CEB8-8B4A-11D0-8D11-00A0C91BC942}") = "Bai081", "Bai081\Bai081.vcxproj", "{954BF0D4-713A-43D0-93CC-A0E0AC623374}"
EndProject
Project("{8BC9CEB8-8B4A-11D0-8D11-00A0C91BC942}") = "Bai086", "Bai086\Bai086.vcxproj", "{EE7C0CFC-B013-4557-A397-878F30813327}"
EndProject
Project("{8BC9CEB8-8B4A-11D0-8D11-00A0C91BC942}") = "Bai091", "Bai091\Bai091.vcxproj", "{F2ABF869-6E3E-4824-B0F5-3BCA5E160A48}"
EndProject
Project("{8BC9CEB8-8B4A-11D0-8D11-00A0C91BC942}") = "Bai096", "Bai096\Bai096.vcxproj", "{3EF82A68-DE2E-43C3-BAF7-0FD8C84D175B}"
EndProject
Project("{8BC9CEB8-8B4A-11D0-8D11-00A0C91BC942}") = "Bai101", "Bai101\Bai101.vcxproj", "{3428137F-F2FC-4AB7-ACFE-AAB53020F405}"
EndProject
Project("{8BC9CEB8-8B4A-11D0-8D11-00A0C91BC942}") = "Bai106", "Bai106\Bai106.vcxproj", "{B7A1EC82-50BF-4B5E-9726-E0C7412B2E9A}"
EndProject
Project("{8BC9CEB8-8B4A-11D0-8D11-00A0C91BC942}") = "Bai111", "Bai111\Bai111.vcxproj", "{903A4110-B5A9-4D0A-BD94-95820871764F}"
EndProject
Project("{8BC9CEB8-8B4A-11D0-8D11-00A0C91BC942}") = "Bai116", "Bai116\Bai116.vcxproj", "{406D9FB5-15F4-42DF-A6BF-6567C1439232}"
EndProject
Project("{8BC9CEB8-8B4A-11D0-8D11-00A0C91BC942}") = "Bai121", "Bai121\Bai121.vcxproj", "{29F0307D-8174-4780-A565-DBE19DF9457D}"
EndProject
Project("{8BC9CEB8-8B4A-11D0-8D11-00A0C91BC942}") = "Bai126", "Bai126\Bai126.vcxproj", "{D563C8B1-70F4-47FF-869F-3FAD1F08191E}"
EndProject
Project("{8BC9CEB8-8B4A-11D0-8D11-00A0C91BC942}") = "Bai131", "Bai131\Bai131.vcxproj", "{D2BB03CC-6F19-402A-B3CD-2811E3AA44F6}"
EndProject
Project("{8BC9CEB8-8B4A-11D0-8D11-00A0C91BC942}") = "Bai136", "Bai136\Bai136.vcxproj", "{22206302-FF81-470D-A9CA-7221FBB19990}"
EndProject
Project("{8BC9CEB8-8B4A-11D0-8D11-00A0C91BC942}") = "Bai141", "Bai141\Bai141.vcxproj", "{8A69A86B-D851-4C86-8377-C0E068E9503F}"
EndProject
Project("{8BC9CEB8-8B4A-11D0-8D11-00A0C91BC942}") = "Bai146", "Bai146\Bai146.vcxproj", "{92A172C4-0D2C-40E5-A1AC-549292E2360B}"
EndProject
Project("{8BC9CEB8-8B4A-11D0-8D11-00A0C91BC942}") = "Bai151", "Bai151\Bai151.vcxproj", "{8AB917E4-23E9-49EE-8743-C68B11231F0B}"
EndProject
Project("{8BC9CEB8-8B4A-11D0-8D11-00A0C91BC942}") = "Bai156", "Bai156\Bai156.vcxproj", "{543B2A3A-300D-459A-8316-BF341DA5B557}"
EndProject
Project("{8BC9CEB8-8B4A-11D0-8D11-00A0C91BC942}") = "Bai161", "Bai161\Bai161.vcxproj", "{DB529A62-FA24-476A-9F20-84121372CEFB}"
EndProject
Project("{8BC9CEB8-8B4A-11D0-8D11-00A0C91BC942}") = "Bai166", "Bai166\Bai166.vcxproj", "{A518F23E-8942-4D7A-A164-515ABC71C8F2}"
EndProject
Project("{8BC9CEB8-8B4A-11D0-8D11-00A0C91BC942}") = "Bai171", "Bai171\Bai171.vcxproj", "{5D08C192-44C9-4978-B418-3C31F26BCD9B}"
EndProject
Project("{8BC9CEB8-8B4A-11D0-8D11-00A0C91BC942}") = "Bai176", "Bai176\Bai176.vcxproj", "{DB894D1C-799E-4428-9464-1A262FF383A1}"
EndProject
Project("{8BC9CEB8-8B4A-11D0-8D11-00A0C91BC942}") = "Bai181", "Bai181\Bai181.vcxproj", "{B0AF94CE-5967-4127-9909-D8DE2BD3AD02}"
EndProject
Project("{8BC9CEB8-8B4A-11D0-8D11-00A0C91BC942}") = "Bai186", "Bai186\Bai186.vcxproj", "{A390EDCC-51C7-42B9-AC41-F64EDA305644}"
EndProject
Project("{8BC9CEB8-8B4A-11D0-8D11-00A0C91BC942}") = "Bai191", "Bai191\Bai191.vcxproj", "{96725183-886F-44FA-9662-739C3B3A2070}"
EndProject
Project("{8BC9CEB8-8B4A-11D0-8D11-00A0C91BC942}") = "Bai196", "Bai196\Bai196.vcxproj", "{ED316C53-0EC2-4288-A2A8-4627C26B6B93}"
EndProject
Project("{8BC9CEB8-8B4A-11D0-8D11-00A0C91BC942}") = "Bai201", "Bai201\Bai201.vcxproj", "{290E8749-57A9-4CD3-8006-4FBD6063FC5C}"
EndProject
Project("{8BC9CEB8-8B4A-11D0-8D11-00A0C91BC942}") = "Bai206", "Bai206\Bai206.vcxproj", "{B5B013E1-33A7-435C-964D-8F61F2B48E1A}"
EndProject
Project("{8BC9CEB8-8B4A-11D0-8D11-00A0C91BC942}") = "Bai211", "Bai211\Bai211.vcxproj", "{143C7D67-CA26-4028-BFEF-6EF761FB0721}"
EndProject
Project("{8BC9CEB8-8B4A-11D0-8D11-00A0C91BC942}") = "Bai216", "Bai216\Bai216.vcxproj", "{5B243342-FFCB-431C-AED6-1AA52B7D47CB}"
EndProject
Project("{8BC9CEB8-8B4A-11D0-8D11-00A0C91BC942}") = "Bai221", "Bai221\Bai221.vcxproj", "{CCC8FBD0-F1E3-4AFB-A7B4-C0D17FBB07BE}"
EndProject
Project("{8BC9CEB8-8B4A-11D0-8D11-00A0C91BC942}") = "Bai226", "Bai226\Bai226.vcxproj", "{F2099091-74E6-4E4C-8916-F6C59C199D05}"
EndProject
Project("{8BC9CEB8-8B4A-11D0-8D11-00A0C91BC942}") = "Bai231", "Bai231\Bai231.vcxproj", "{5E00C459-8AAD-4C0E-AACC-B4051E86132B}"
EndProject
Project("{8BC9CEB8-8B4A-11D0-8D11-00A0C91BC942}") = "Bai236", "Bai236\Bai236.vcxproj", "{7B55B33A-7259-4BD8-A7A4-3126014F603D}"
EndProject
Global
	GlobalSection(SolutionConfigurationPlatforms) = preSolution
		Debug|x64 = Debug|x64
		Debug|x86 = Debug|x86
		Release|x64 = Release|x64
		Release|x86 = Release|x86
	EndGlobalSection
	GlobalSection(ProjectConfigurationPlatforms) = postSolution
		{BC47226C-4C75-4A9B-816C-83EE54D322EC}.Debug|x64.ActiveCfg = Debug|x64
		{BC47226C-4C75-4A9B-816C-83EE54D322EC}.Debug|x64.Build.0 = Debug|x64
		{BC47226C-4C75-4A9B-816C-83EE54D322EC}.Debug|x86.ActiveCfg = Debug|Win32
		{BC47226C-4C75-4A9B-816C-83EE54D322EC}.Debug|x86.Build.0 = Debug|Win32
		{BC47226C-4C75-4A9B-816C-83EE54D322EC}.Release|x64.ActiveCfg = Release|x64
		{BC47226C-4C75-4A9B-816C-83EE54D322EC}.Release|x64.Build.0 = Release|x64
		{BC47226C-4C75-4A9B-816C-83EE54D322EC}.Release|x86.ActiveCfg = Release|Win32
		{BC47226C-4C75-4A9B-816C-83EE54D322EC}.Release|x86.Build.0 = Release|Win32
		{FDAD222B-053B-4E80-8F04-2436C9537CF2}.Debug|x64.ActiveCfg = Debug|x64
		{FDAD222B-053B-4E80-8F04-2436C9537CF2}.Debug|x64.Build.0 = Debug|x64
		{FDAD222B-053B-4E80-8F04-2436C9537CF2}.Debug|x86.ActiveCfg = Debug|Win32
		{FDAD222B-053B-4E80-8F04-2436C9537CF2}.Debug|x86.Build.0 = Debug|Win32
		{FDAD222B-053B-4E80-8F04-2436C9537CF2}.Release|x64.ActiveCfg = Release|x64
		{FDAD222B-053B-4E80-8F04-2436C9537CF2}.Release|x64.Build.0 = Release|x64
		{FDAD222B-053B-4E80-8F04-2436C9537CF2}.Release|x86.ActiveCfg = Release|Win32
		{FDAD222B-053B-4E80-8F04-2436C9537CF2}.Release|x86.Build.0 = Release|Win32
		{0693D2B1-8D54-4A8E-AE91-9F4028919A6B}.Debug|x64.ActiveCfg = Debug|x64
		{0693D2B1-8D54-4A8E-AE91-9F4028919A6B}.Debug|x64.Build.0 = Debug|x64
		{0693D2B1-8D54-4A8E-AE91-9F4028919A6B}.Debug|x86.ActiveCfg = Debug|Win32
		{0693D2B1-8D54-4A8E-AE91-9F4028919A6B}.Debug|x86.Build.0 = Debug|Win32
		{0693D2B1-8D54-4A8E-AE91-9F4028919A6B}.Release|x64.ActiveCfg = Release|x64
		{0693D2B1-8D54-4A8E-AE91-9F4028919A6B}.Release|x64.Build.0 = Release|x64
		{0693D2B1-8D54-4A8E-AE91-9F4028919A6B}.Release|x86.ActiveCfg = Release|Win32
		{0693D2B1-8D54-4A8E-AE91-9F4028919A6B}.Release|x86.Build.0 = Release|Win32
		{3760C061-AE2F-47BF-AEEA-E8DB3EF5D804}.Debug|x64.ActiveCfg = Debug|x64
		{3760C061-AE2F-47BF-AEEA-E8DB3EF5D804}.Debug|x64.Build.0 = Debug|x64
		{3760C061-AE2F-47BF-AEEA-E8DB3EF5D804}.Debug|x86.ActiveCfg = Debug|Win32
		{3760C061-AE2F-47BF-AEEA-E8DB3EF5D804}.Debug|x86.Build.0 = Debug|Win32
		{3760C061-AE2F-47BF-AEEA-E8DB3EF5D804}.Release|x64.ActiveCfg = Release|x64
		{3760C061-AE2F-47BF-AEEA-E8DB3EF5D804}.Release|x64.Build.0 = Release|x64
		{3760C061-AE2F-47BF-AEEA-E8DB3EF5D804}.Release|x86.ActiveCfg = Release|Win32
		{3760C061-AE2F-47BF-AEEA-E8DB3EF5D804}.Release|x86.Build.0 = Release|Win32
		{927F9E01-1828-4172-8B6B-674532FB5BBA}.Debug|x64.ActiveCfg = Debug|x64
		{927F9E01-1828-4172-8B6B-674532FB5BBA}.Debug|x64.Build.0 = Debug|x64
		{927F9E01-1828-4172-8B6B-674532FB5BBA}.Debug|x86.ActiveCfg = Debug|Win32
		{927F9E01-1828-4172-8B6B-674532FB5BBA}.Debug|x86.Build.0 = Debug|Win32
		{927F9E01-1828-4172-8B6B-674532FB5BBA}.Release|x64.ActiveCfg = Release|x64
		{927F9E01-1828-4172-8B6B-674532FB5BBA}.Release|x64.Build.0 = Release|x64
		{927F9E01-1828-4172-8B6B-674532FB5BBA}.Release|x86.ActiveCfg = Release|Win32
		{927F9E01-1828-4172-8B6B-674532FB5BBA}.Release|x86.Build.0 = Release|Win32
		{42E04BB4-0C03-4744-B6BA-A194A3092A87}.Debug|x64.ActiveCfg = Debug|x64
		{42E04BB4-0C03-4744-B6BA-A194A3092A87}.Debug|x64.Build.0 = Debug|x64
		{42E04BB4-0C03-4744-B6BA-A194A3092A87}.Debug|x86.ActiveCfg = Debug|Win32
		{42E04BB4-0C03-4744-B6BA-A194A3092A87}.Debug|x86.Build.0 = Debug|Win32
		{42E04BB4-0C03-4744-B6BA-A194A3092A87}.Release|x64.ActiveCfg = Release|x64
		{42E04BB4-0C03-4744-B6BA-A194A3092A87}.Release|x64.Build.0 = Release|x64
		{42E04BB4-0C03-4744-B6BA-A194A3092A87}.Release|x86.ActiveCfg = Release|Win32
		{42E04BB4-0C03-4744-B6BA-A194A3092A87}.Release|x86.Build.0 = Release|Win32
		{7BA12D70-A1DF-41EA-97F1-27EC6619E49D}.Debug|x64.ActiveCfg = Debug|x64
		{7BA12D70-A1DF-41EA-97F1-27EC6619E49D}.Debug|x64.Build.0 = Debug|x64
		{7BA12D70-A1DF-41EA-97F1-27EC6619E49D}.Debug|x86.ActiveCfg = Debug|Win32
		{7BA12D70-A1DF-41EA-97F1-27EC6619E49D}.Debug|x86.Build.0 = Debug|Win32
		{7BA12D70-A1DF-41EA-97F1-27EC6619E49D}.Release|x64.ActiveCfg = Release|x64
		{7BA12D70-A1DF-41EA-97F1-27EC6619E49D}.Release|x64.Build.0 = Release|x64
		{7BA12D70-A1DF-41EA-97F1-27EC6619E49D}.Release|x86.ActiveCfg = Release|Win32
		{7BA12D70-A1DF-41EA-97F1-27EC6619E49D}.Release|x86.Build.0 = Release|Win32
		{8AE271B3-2D18-4F58-943C-DFCED663273A}.Debug|x64.ActiveCfg = Debug|x64
		{8AE271B3-2D18-4F58-943C-DFCED663273A}.Debug|x64.Build.0 = Debug|x64
		{8AE271B3-2D18-4F58-943C-DFCED663273A}.Debug|x86.ActiveCfg = Debug|Win32
		{8AE271B3-2D18-4F58-943C-DFCED663273A}.Debug|x86.Build.0 = Debug|Win32
		{8AE271B3-2D18-4F58-943C-DFCED663273A}.Release|x64.ActiveCfg = Release|x64
		{8AE271B3-2D18-4F58-943C-DFCED663273A}.Release|x64.Build.0 = Release|x64
		{8AE271B3-2D18-4F58-943C-DFCED663273A}.Release|x86.ActiveCfg = Release|Win32
		{8AE271B3-2D18-4F58-943C-DFCED663273A}.Release|x86.Build.0 = Release|Win32
		{661A042B-3396-4FC4-8FAD-0DD2AF8DBA5A}.Debug|x64.ActiveCfg = Debug|x64
		{661A042B-3396-4FC4-8FAD-0DD2AF8DBA5A}.Debug|x64.Build.0 = Debug|x64
		{661A042B-3396-4FC4-8FAD-0DD2AF8DBA5A}.Debug|x86.ActiveCfg = Debug|Win32
		{661A042B-3396-4FC4-8FAD-0DD2AF8DBA5A}.Debug|x86.Build.0 = Debug|Win32
		{661A042B-3396-4FC4-8FAD-0DD2AF8DBA5A}.Release|x64.ActiveCfg = Release|x64
		{661A042B-3396-4FC4-8FAD-0DD2AF8DBA5A}.Release|x64.Build.0 = Release|x64
		{661A042B-3396-4FC4-8FAD-0DD2AF8DBA5A}.Release|x86.ActiveCfg = Release|Win32
		{661A042B-3396-4FC4-8FAD-0DD2AF8DBA5A}.Release|x86.Build.0 = Release|Win32
		{16FB1E64-5E68-4B5D-BBF9-36C19B44CCE9}.Debug|x64.ActiveCfg = Debug|x64
		{16FB1E64-5E68-4B5D-BBF9-36C19B44CCE9}.Debug|x64.Build.0 = Debug|x64
		{16FB1E64-5E68-4B5D-BBF9-36C19B44CCE9}.Debug|x86.ActiveCfg = Debug|Win32
		{16FB1E64-5E68-4B5D-BBF9-36C19B44CCE9}.Debug|x86.Build.0 = Debug|Win32
		{16FB1E64-5E68-4B5D-BBF9-36C19B44CCE9}.Release|x64.ActiveCfg = Release|x64
		{16FB1E64-5E68-4B5D-BBF9-36C19B44CCE9}.Release|x64.Build.0 = Release|x64
		{16FB1E64-5E68-4B5D-BBF9-36C19B44CCE9}.Release|x86.ActiveCfg = Release|Win32
		{16FB1E64-5E68-4B5D-BBF9-36C19B44CCE9}.Release|x86.Build.0 = Release|Win32
		{4540C61E-E024-4EF9-9E2C-9039D6B7DC4C}.Debug|x64.ActiveCfg = Debug|x64
		{4540C61E-E024-4EF9-9E2C-9039D6B7DC4C}.Debug|x64.Build.0 = Debug|x64
		{4540C61E-E024-4EF9-9E2C-9039D6B7DC4C}.Debug|x86.ActiveCfg = Debug|Win32
		{4540C61E-E024-4EF9-9E2C-9039D6B7DC4C}.Debug|x86.Build.0 = Debug|Win32
		{4540C61E-E024-4EF9-9E2C-9039D6B7DC4C}.Release|x64.ActiveCfg = Release|x64
		{4540C61E-E024-4EF9-9E2C-9039D6B7DC4C}.Release|x64.Build.0 = Release|x64
		{4540C61E-E024-4EF9-9E2C-9039D6B7DC4C}.Release|x86.ActiveCfg = Release|Win32
		{4540C61E-E024-4EF9-9E2C-9039D6B7DC4C}.Release|x86.Build.0 = Release|Win32
		{BC18AE77-5C65-4397-A3F3-5925B4004736}.Debug|x64.ActiveCfg = Debug|x64
		{BC18AE77-5C65-4397-A3F3-5925B4004736}.Debug|x64.Build.0 = Debug|x64
		{BC18AE77-5C65-4397-A3F3-5925B4004736}.Debug|x86.ActiveCfg = Debug|Win32
		{BC18AE77-5C65-4397-A3F3-5925B4004736}.Debug|x86.Build.0 = Debug|Win32
		{BC18AE77-5C65-4397-A3F3-5925B4004736}.Release|x64.ActiveCfg = Release|x64
		{BC18AE77-5C65-4397-A3F3-5925B4004736}.Release|x64.Build.0 = Release|x64
		{BC18AE77-5C65-4397-A3F3-5925B4004736}.Release|x86.ActiveCfg = Release|Win32
		{BC18AE77-5C65-4397-A3F3-5925B4004736}.Release|x86.Build.0 = Release|Win32
		{A10A6B09-F148-4CC0-BD78-24DD058A262A}.Debug|x64.ActiveCfg = Debug|x64
		{A10A6B09-F148-4CC0-BD78-24DD058A262A}.Debug|x64.Build.0 = Debug|x64
		{A10A6B09-F148-4CC0-BD78-24DD058A262A}.Debug|x86.ActiveCfg = Debug|Win32
		{A10A6B09-F148-4CC0-BD78-24DD058A262A}.Debug|x86.Build.0 = Debug|Win32
		{A10A6B09-F148-4CC0-BD78-24DD058A262A}.Release|x64.ActiveCfg = Release|x64
		{A10A6B09-F148-4CC0-BD78-24DD058A262A}.Release|x64.Build.0 = Release|x64
		{A10A6B09-F148-4CC0-BD78-24DD058A262A}.Release|x86.ActiveCfg = Release|Win32
		{A10A6B09-F148-4CC0-BD78-24DD058A262A}.Release|x86.Build.0 = Release|Win32
		{DECE2D9E-642D-48C1-A2CD-3BE668F5ED0D}.Debug|x64.ActiveCfg = Debug|x64
		{DECE2D9E-642D-48C1-A2CD-3BE668F5ED0D}.Debug|x64.Build.0 = Debug|x64
		{DECE2D9E-642D-48C1-A2CD-3BE668F5ED0D}.Debug|x86.ActiveCfg = Debug|Win32
		{DECE2D9E-642D-48C1-A2CD-3BE668F5ED0D}.Debug|x86.Build.0 = Debug|Win32
		{DECE2D9E-642D-48C1-A2CD-3BE668F5ED0D}.Release|x64.ActiveCfg = Release|x64
		{DECE2D9E-642D-48C1-A2CD-3BE668F5ED0D}.Release|x64.Build.0 = Release|x64
		{DECE2D9E-642D-48C1-A2CD-3BE668F5ED0D}.Release|x86.ActiveCfg = Release|Win32
		{DECE2D9E-642D-48C1-A2CD-3BE668F5ED0D}.Release|x86.Build.0 = Release|Win32
		{B3A2C7E6-4D45-48EF-9745-19B1F44DAD0D}.Debug|x64.ActiveCfg = Debug|x64
		{B3A2C7E6-4D45-48EF-9745-19B1F44DAD0D}.Debug|x64.Build.0 = Debug|x64
		{B3A2C7E6-4D45-48EF-9745-19B1F44DAD0D}.Debug|x86.ActiveCfg = Debug|Win32
		{B3A2C7E6-4D45-48EF-9745-19B1F44DAD0D}.Debug|x86.Build.0 = Debug|Win32
		{B3A2C7E6-4D45-48EF-9745-19B1F44DAD0D}.Release|x64.ActiveCfg = Release|x64
		{B3A2C7E6-4D45-48EF-9745-19B1F44DAD0D}.Release|x64.Build.0 = Release|x64
		{B3A2C7E6-4D45-48EF-9745-19B1F44DAD0D}.Release|x86.ActiveCfg = Release|Win32
		{B3A2C7E6-4D45-48EF-9745-19B1F44DAD0D}.Release|x86.Build.0 = Release|Win32
		{A9FBD914-C5BF-495A-89F1-97CF10DD23D5}.Debug|x64.ActiveCfg = Debug|x64
		{A9FBD914-C5BF-495A-89F1-97CF10DD23D5}.Debug|x64.Build.0 = Debug|x64
		{A9FBD914-C5BF-495A-89F1-97CF10DD23D5}.Debug|x86.ActiveCfg = Debug|Win32
		{A9FBD914-C5BF-495A-89F1-97CF10DD23D5}.Debug|x86.Build.0 = Debug|Win32
		{A9FBD914-C5BF-495A-89F1-97CF10DD23D5}.Release|x64.ActiveCfg = Release|x64
		{A9FBD914-C5BF-495A-89F1-97CF10DD23D5}.Release|x64.Build.0 = Release|x64
		{A9FBD914-C5BF-495A-89F1-97CF10DD23D5}.Release|x86.ActiveCfg = Release|Win32
		{A9FBD914-C5BF-495A-89F1-97CF10DD23D5}.Release|x86.Build.0 = Release|Win32
		{954BF0D4-713A-43D0-93CC-A0E0AC623374}.Debug|x64.ActiveCfg = Debug|x64
		{954BF0D4-713A-43D0-93CC-A0E0AC623374}.Debug|x64.Build.0 = Debug|x64
		{954BF0D4-713A-43D0-93CC-A0E0AC623374}.Debug|x86.ActiveCfg = Debug|Win32
		{954BF0D4-713A-43D0-93CC-A0E0AC623374}.Debug|x86.Build.0 = Debug|Win32
		{954BF0D4-713A-43D0-93CC-A0E0AC623374}.Release|x64.ActiveCfg = Release|x64
		{954BF0D4-713A-43D0-93CC-A0E0AC623374}.Release|x64.Build.0 = Release|x64
		{954BF0D4-713A-43D0-93CC-A0E0AC623374}.Release|x86.ActiveCfg = Release|Win32
		{954BF0D4-713A-43D0-93CC-A0E0AC623374}.Release|x86.Build.0 = Release|Win32
		{EE7C0CFC-B013-4557-A397-878F30813327}.Debug|x64.ActiveCfg = Debug|x64
		{EE7C0CFC-B013-4557-A397-878F30813327}.Debug|x64.Build.0 = Debug|x64
		{EE7C0CFC-B013-4557-A397-878F30813327}.Debug|x86.ActiveCfg = Debug|Win32
		{EE7C0CFC-B013-4557-A397-878F30813327}.Debug|x86.Build.0 = Debug|Win32
		{EE7C0CFC-B013-4557-A397-878F30813327}.Release|x64.ActiveCfg = Release|x64
		{EE7C0CFC-B013-4557-A397-878F30813327}.Release|x64.Build.0 = Release|x64
		{EE7C0CFC-B013-4557-A397-878F30813327}.Release|x86.ActiveCfg = Release|Win32
		{EE7C0CFC-B013-4557-A397-878F30813327}.Release|x86.Build.0 = Release|Win32
		{F2ABF869-6E3E-4824-B0F5-3BCA5E160A48}.Debug|x64.ActiveCfg = Debug|x64
		{F2ABF869-6E3E-4824-B0F5-3BCA5E160A48}.Debug|x64.Build.0 = Debug|x64
		{F2ABF869-6E3E-4824-B0F5-3BCA5E160A48}.Debug|x86.ActiveCfg = Debug|Win32
		{F2ABF869-6E3E-4824-B0F5-3BCA5E160A48}.Debug|x86.Build.0 = Debug|Win32
		{F2ABF869-6E3E-4824-B0F5-3BCA5E160A48}.Release|x64.ActiveCfg = Release|x64
		{F2ABF869-6E3E-4824-B0F5-3BCA5E160A48}.Release|x64.Build.0 = Release|x64
		{F2ABF869-6E3E-4824-B0F5-3BCA5E160A48}.Release|x86.ActiveCfg = Release|Win32
		{F2ABF869-6E3E-4824-B0F5-3BCA5E160A48}.Release|x86.Build.0 = Release|Win32
		{3EF82A68-DE2E-43C3-BAF7-0FD8C84D175B}.Debug|x64.ActiveCfg = Debug|x64
		{3EF82A68-DE2E-43C3-BAF7-0FD8C84D175B}.Debug|x64.Build.0 = Debug|x64
		{3EF82A68-DE2E-43C3-BAF7-0FD8C84D175B}.Debug|x86.ActiveCfg = Debug|Win32
		{3EF82A68-DE2E-43C3-BAF7-0FD8C84D175B}.Debug|x86.Build.0 = Debug|Win32
		{3EF82A68-DE2E-43C3-BAF7-0FD8C84D175B}.Release|x64.ActiveCfg = Release|x64
		{3EF82A68-DE2E-43C3-BAF7-0FD8C84D175B}.Release|x64.Build.0 = Release|x64
		{3EF82A68-DE2E-43C3-BAF7-0FD8C84D175B}.Release|x86.ActiveCfg = Release|Win32
		{3EF82A68-DE2E-43C3-BAF7-0FD8C84D175B}.Release|x86.Build.0 = Release|Win32
		{3428137F-F2FC-4AB7-ACFE-AAB53020F405}.Debug|x64.ActiveCfg = Debug|x64
		{3428137F-F2FC-4AB7-ACFE-AAB53020F405}.Debug|x64.Build.0 = Debug|x64
		{3428137F-F2FC-4AB7-ACFE-AAB53020F405}.Debug|x86.ActiveCfg = Debug|Win32
		{3428137F-F2FC-4AB7-ACFE-AAB53020F405}.Debug|x86.Build.0 = Debug|Win32
		{3428137F-F2FC-4AB7-ACFE-AAB53020F405}.Release|x64.ActiveCfg = Release|x64
		{3428137F-F2FC-4AB7-ACFE-AAB53020F405}.Release|x64.Build.0 = Release|x64
		{3428137F-F2FC-4AB7-ACFE-AAB53020F405}.Release|x86.ActiveCfg = Release|Win32
		{3428137F-F2FC-4AB7-ACFE-AAB53020F405}.Release|x86.Build.0 = Release|Win32
		{B7A1EC82-50BF-4B5E-9726-E0C7412B2E9A}.Debug|x64.ActiveCfg = Debug|x64
		{B7A1EC82-50BF-4B5E-9726-E0C7412B2E9A}.Debug|x64.Build.0 = Debug|x64
		{B7A1EC82-50BF-4B5E-9726-E0C7412B2E9A}.Debug|x86.ActiveCfg = Debug|Win32
		{B7A1EC82-50BF-4B5E-9726-E0C7412B2E9A}.Debug|x86.Build.0 = Debug|Win32
		{B7A1EC82-50BF-4B5E-9726-E0C7412B2E9A}.Release|x64.ActiveCfg = Release|x64
		{B7A1EC82-50BF-4B5E-9726-E0C7412B2E9A}.Release|x64.Build.0 = Release|x64
		{B7A1EC82-50BF-4B5E-9726-E0C7412B2E9A}.Release|x86.ActiveCfg = Release|Win32
		{B7A1EC82-50BF-4B5E-9726-E0C7412B2E9A}.Release|x86.Build.0 = Release|Win32
		{903A4110-B5A9-4D0A-BD94-95820871764F}.Debug|x64.ActiveCfg = Debug|x64
		{903A4110-B5A9-4D0A-BD94-95820871764F}.Debug|x64.Build.0 = Debug|x64
		{903A4110-B5A9-4D0A-BD94-95820871764F}.Debug|x86.ActiveCfg = Debug|Win32
		{903A4110-B5A9-4D0A-BD94-95820871764F}.Debug|x86.Build.0 = Debug|Win32
		{903A4110-B5A9-4D0A-BD94-95820871764F}.Release|x64.ActiveCfg = Release|x64
		{903A4110-B5A9-4D0A-BD94-95820871764F}.Release|x64.Build.0 = Release|x64
		{903A4110-B5A9-4D0A-BD94-95820871764F}.Release|x86.ActiveCfg = Release|Win32
		{903A4110-B5A9-4D0A-BD94-95820871764F}.Release|x86.Build.0 = Release|Win32
		{406D9FB5-15F4-42DF-A6BF-6567C1439232}.Debug|x64.ActiveCfg = Debug|x64
		{406D9FB5-15F4-42DF-A6BF-6567C1439232}.Debug|x64.Build.0 = Debug|x64
		{406D9FB5-15F4-42DF-A6BF-6567C1439232}.Debug|x86.ActiveCfg = Debug|Win32
		{406D9FB5-15F4-42DF-A6BF-6567C1439232}.Debug|x86.Build.0 = Debug|Win32
		{406D9FB5-15F4-42DF-A6BF-6567C1439232}.Release|x64.ActiveCfg = Release|x64
		{406D9FB5-15F4-42DF-A6BF-6567C1439232}.Release|x64.Build.0 = Release|x64
		{406D9FB5-15F4-42DF-A6BF-6567C1439232}.Release|x86.ActiveCfg = Release|Win32
		{406D9FB5-15F4-42DF-A6BF-6567C1439232}.Release|x86.Build.0 = Release|Win32
		{29F0307D-8174-4780-A565-DBE19DF9457D}.Debug|x64.ActiveCfg = Debug|x64
		{29F0307D-8174-4780-A565-DBE19DF9457D}.Debug|x64.Build.0 = Debug|x64
		{29F0307D-8174-4780-A565-DBE19DF9457D}.Debug|x86.ActiveCfg = Debug|Win32
		{29F0307D-8174-4780-A565-DBE19DF9457D}.Debug|x86.Build.0 = Debug|Win32
		{29F0307D-8174-4780-A565-DBE19DF9457D}.Release|x64.ActiveCfg = Release|x64
		{29F0307D-8174-4780-A565-DBE19DF9457D}.Release|x64.Build.0 = Release|x64
		{29F0307D-8174-4780-A565-DBE19DF9457D}.Release|x86.ActiveCfg = Release|Win32
		{29F0307D-8174-4780-A565-DBE19DF9457D}.Release|x86.Build.0 = Release|Win32
		{D563C8B1-70F4-47FF-869F-3FAD1F08191E}.Debug|x64.ActiveCfg = Debug|x64
		{D563C8B1-70F4-47FF-869F-3FAD1F08191E}.Debug|x64.Build.0 = Debug|x64
		{D563C8B1-70F4-47FF-869F-3FAD1F08191E}.Debug|x86.ActiveCfg = Debug|Win32
		{D563C8B1-70F4-47FF-869F-3FAD1F08191E}.Debug|x86.Build.0 = Debug|Win32
		{D563C8B1-70F4-47FF-869F-3FAD1F08191E}.Release|x64.ActiveCfg = Release|x64
		{D563C8B1-70F4-47FF-869F-3FAD1F08191E}.Release|x64.Build.0 = Release|x64
		{D563C8B1-70F4-47FF-869F-3FAD1F08191E}.Release|x86.ActiveCfg = Release|Win32
		{D563C8B1-70F4-47FF-869F-3FAD1F08191E}.Release|x86.Build.0 = Release|Win32
		{D2BB03CC-6F19-402A-B3CD-2811E3AA44F6}.Debug|x64.ActiveCfg = Debug|x64
		{D2BB03CC-6F19-402A-B3CD-2811E3AA44F6}.Debug|x64.Build.0 = Debug|x64
		{D2BB03CC-6F19-402A-B3CD-2811E3AA44F6}.Debug|x86.ActiveCfg = Debug|Win32
		{D2BB03CC-6F19-402A-B3CD-2811E3AA44F6}.Debug|x86.Build.0 = Debug|Win32
		{D2BB03CC-6F19-402A-B3CD-2811E3AA44F6}.Release|x64.ActiveCfg = Release|x64
		{D2BB03CC-6F19-402A-B3CD-2811E3AA44F6}.Release|x64.Build.0 = Release|x64
		{D2BB03CC-6F19-402A-B3CD-2811E3AA44F6}.Release|x86.ActiveCfg = Release|Win32
		{D2BB03CC-6F19-402A-B3CD-2811E3AA44F6}.Release|x86.Build.0 = Release|Win32
		{22206302-FF81-470D-A9CA-7221FBB19990}.Debug|x64.ActiveCfg = Debug|x64
		{22206302-FF81-470D-A9CA-7221FBB19990}.Debug|x64.Build.0 = Debug|x64
		{22206302-FF81-470D-A9CA-7221FBB19990}.Debug|x86.ActiveCfg = Debug|Win32
		{22206302-FF81-470D-A9CA-7221FBB19990}.Debug|x86.Build.0 = Debug|Win32
		{22206302-FF81-470D-A9CA-7221FBB19990}.Release|x64.ActiveCfg = Release|x64
		{22206302-FF81-470D-A9CA-7221FBB19990}.Release|x64.Build.0 = Release|x64
		{22206302-FF81-470D-A9CA-7221FBB19990}.Release|x86.ActiveCfg = Release|Win32
		{22206302-FF81-470D-A9CA-7221FBB19990}.Release|x86.Build.0 = Release|Win32
		{8A69A86B-D851-4C86-8377-C0E068E9503F}.Debug|x64.ActiveCfg = Debug|x64
		{8A69A86B-D851-4C86-8377-C0E068E9503F}.Debug|x64.Build.0 = Debug|x64
		{8A69A86B-D851-4C86-8377-C0E068E9503F}.Debug|x86.ActiveCfg = Debug|Win32
		{8A69A86B-D851-4C86-8377-C0E068E9503F}.Debug|x86.Build.0 = Debug|Win32
		{8A69A86B-D851-4C86-8377-C0E068E9503F}.Release|x64.ActiveCfg = Release|x64
		{8A69A86B-D851-4C86-8377-C0E068E9503F}.Release|x64.Build.0 = Release|x64
		{8A69A86B-D851-4C86-8377-C0E068E9503F}.Release|x86.ActiveCfg = Release|Win32
		{8A69A86B-D851-4C86-8377-C0E068E9503F}.Release|x86.Build.0 = Release|Win32
		{92A172C4-0D2C-40E5-A1AC-549292E2360B}.Debug|x64.ActiveCfg = Debug|x64
		{92A172C4-0D2C-40E5-A1AC-549292E2360B}.Debug|x64.Build.0 = Debug|x64
		{92A172C4-0D2C-40E5-A1AC-549292E2360B}.Debug|x86.ActiveCfg = Debug|Win32
		{92A172C4-0D2C-40E5-A1AC-549292E2360B}.Debug|x86.Build.0 = Debug|Win32
		{92A172C4-0D2C-40E5-A1AC-549292E2360B}.Release|x64.ActiveCfg = Release|x64
		{92A172C4-0D2C-40E5-A1AC-549292E2360B}.Release|x64.Build.0 = Release|x64
		{92A172C4-0D2C-40E5-A1AC-549292E2360B}.Release|x86.ActiveCfg = Release|Win32
		{92A172C4-0D2C-40E5-A1AC-549292E2360B}.Release|x86.Build.0 = Release|Win32
		{8AB917E4-23E9-49EE-8743-C68B11231F0B}.Debug|x64.ActiveCfg = Debug|x64
		{8AB917E4-23E9-49EE-8743-C68B11231F0B}.Debug|x64.Build.0 = Debug|x64
		{8AB917E4-23E9-49EE-8743-C68B11231F0B}.Debug|x86.ActiveCfg = Debug|Win32
		{8AB917E4-23E9-49EE-8743-C68B11231F0B}.Debug|x86.Build.0 = Debug|Win32
		{8AB917E4-23E9-49EE-8743-C68B11231F0B}.Release|x64.ActiveCfg = Release|x64
		{8AB917E4-23E9-49EE-8743-C68B11231F0B}.Release|x64.Build.0 = Release|x64
		{8AB917E4-23E9-49EE-8743-C68B11231F0B}.Release|x86.ActiveCfg = Release|Win32
		{8AB917E4-23E9-49EE-8743-C68B11231F0B}.Release|x86.Build.0 = Release|Win32
		{543B2A3A-300D-459A-8316-BF341DA5B557}.Debug|x64.ActiveCfg = Debug|x64
		{543B2A3A-300D-459A-8316-BF341DA5B557}.Debug|x64.Build.0 = Debug|x64
		{543B2A3A-300D-459A-8316-BF341DA5B557}.Debug|x86.ActiveCfg = Debug|Win32
		{543B2A3A-300D-459A-8316-BF341DA5B557}.Debug|x86.Build.0 = Debug|Win32
		{543B2A3A-300D-459A-8316-BF341DA5B557}.Release|x64.ActiveCfg = Release|x64
		{543B2A3A-300D-459A-8316-BF341DA5B557}.Release|x64.Build.0 = Release|x64
		{543B2A3A-300D-459A-8316-BF341DA5B557}.Release|x86.ActiveCfg = Release|Win32
		{543B2A3A-300D-459A-8316-BF341DA5B557}.Release|x86.Build.0 = Release|Win32
		{DB529A62-FA24-476A-9F20-84121372CEFB}.Debug|x64.ActiveCfg = Debug|x64
		{DB529A62-FA24-476A-9F20-84121372CEFB}.Debug|x64.Build.0 = Debug|x64
		{DB529A62-FA24-476A-9F20-84121372CEFB}.Debug|x86.ActiveCfg = Debug|Win32
		{DB529A62-FA24-476A-9F20-84121372CEFB}.Debug|x86.Build.0 = Debug|Win32
		{DB529A62-FA24-476A-9F20-84121372CEFB}.Release|x64.ActiveCfg = Release|x64
		{DB529A62-FA24-476A-9F20-84121372CEFB}.Release|x64.Build.0 = Release|x64
		{DB529A62-FA24-476A-9F20-84121372CEFB}.Release|x86.ActiveCfg = Release|Win32
		{DB529A62-FA24-476A-9F20-84121372CEFB}.Release|x86.Build.0 = Release|Win32
		{A518F23E-8942-4D7A-A164-515ABC71C8F2}.Debug|x64.ActiveCfg = Debug|x64
		{A518F23E-8942-4D7A-A164-515ABC71C8F2}.Debug|x64.Build.0 = Debug|x64
		{A518F23E-8942-4D7A-A164-515ABC71C8F2}.Debug|x86.ActiveCfg = Debug|Win32
		{A518F23E-8942-4D7A-A164-515ABC71C8F2}.Debug|x86.Build.0 = Debug|Win32
		{A518F23E-8942-4D7A-A164-515ABC71C8F2}.Release|x64.ActiveCfg = Release|x64
		{A518F23E-8942-4D7A-A164-515ABC71C8F2}.Release|x64.Build.0 = Release|x64
		{A518F23E-8942-4D7A-A164-515ABC71C8F2}.Release|x86.ActiveCfg = Release|Win32
		{A518F23E-8942-4D7A-A164-515ABC71C8F2}.Release|x86.Build.0 = Release|Win32
		{5D08C192-44C9-4978-B418-3C31F26BCD9B}.Debug|x64.ActiveCfg = Debug|x64
		{5D08C192-44C9-4978-B418-3C31F26BCD9B}.Debug|x64.Build.0 = Debug|x64
		{5D08C192-44C9-4978-B418-3C31F26BCD9B}.Debug|x86.ActiveCfg = Debug|Win32
		{5D08C192-44C9-4978-B418-3C31F26BCD9B}.Debug|x86.Build.0 = Debug|Win32
		{5D08C192-44C9-4978-B418-3C31F26BCD9B}.Release|x64.ActiveCfg = Release|x64
		{5D08C192-44C9-4978-B418-3C31F26BCD9B}.Release|x64.Build.0 = Release|x64
		{5D08C192-44C9-4978-B418-3C31F26BCD9B}.Release|x86.ActiveCfg = Release|Win32
		{5D08C192-44C9-4978-B418-3C31F26BCD9B}.Release|x86.Build.0 = Release|Win32
		{DB894D1C-799E-4428-9464-1A262FF383A1}.Debug|x64.ActiveCfg = Debug|x64
		{DB894D1C-799E-4428-9464-1A262FF383A1}.Debug|x64.Build.0 = Debug|x64
		{DB894D1C-799E-4428-9464-1A262FF383A1}.Debug|x86.ActiveCfg = Debug|Win32
		{DB894D1C-799E-4428-9464-1A262FF383A1}.Debug|x86.Build.0 = Debug|Win32
		{DB894D1C-799E-4428-9464-1A262FF383A1}.Release|x64.ActiveCfg = Release|x64
		{DB894D1C-799E-4428-9464-1A262FF383A1}.Release|x64.Build.0 = Release|x64
		{DB894D1C-799E-4428-9464-1A262FF383A1}.Release|x86.ActiveCfg = Release|Win32
		{DB894D1C-799E-4428-9464-1A262FF383A1}.Release|x86.Build.0 = Release|Win32
		{B0AF94CE-5967-4127-9909-D8DE2BD3AD02}.Debug|x64.ActiveCfg = Debug|x64
		{B0AF94CE-5967-4127-9909-D8DE2BD3AD02}.Debug|x64.Build.0 = Debug|x64
		{B0AF94CE-5967-4127-9909-D8DE2BD3AD02}.Debug|x86.ActiveCfg = Debug|Win32
		{B0AF94CE-5967-4127-9909-D8DE2BD3AD02}.Debug|x86.Build.0 = Debug|Win32
		{B0AF94CE-5967-4127-9909-D8DE2BD3AD02}.Release|x64.ActiveCfg = Release|x64
		{B0AF94CE-5967-4127-9909-D8DE2BD3AD02}.Release|x64.Build.0 = Release|x64
		{B0AF94CE-5967-4127-9909-D8DE2BD3AD02}.Release|x86.ActiveCfg = Release|Win32
		{B0AF94CE-5967-4127-9909-D8DE2BD3AD02}.Release|x86.Build.0 = Release|Win32
		{A390EDCC-51C7-42B9-AC41-F64EDA305644}.Debug|x64.ActiveCfg = Debug|x64
		{A390EDCC-51C7-42B9-AC41-F64EDA305644}.Debug|x64.Build.0 = Debug|x64
		{A390EDCC-51C7-42B9-AC41-F64EDA305644}.Debug|x86.ActiveCfg = Debug|Win32
		{A390EDCC-51C7-42B9-AC41-F64EDA305644}.Debug|x86.Build.0 = Debug|Win32
		{A390EDCC-51C7-42B9-AC41-F64EDA305644}.Release|x64.ActiveCfg = Release|x64
		{A390EDCC-51C7-42B9-AC41-F64EDA305644}.Release|x64.Build.0 = Release|x64
		{A390EDCC-51C7-42B9-AC41-F64EDA305644}.Release|x86.ActiveCfg = Release|Win32
		{A390EDCC-51C7-42B9-AC41-F64EDA305644}.Release|x86.Build.0 = Release|Win32
		{96725183-886F-44FA-9662-739C3B3A2070}.Debug|x64.ActiveCfg = Debug|x64
		{96725183-886F-44FA-9662-739C3B3A2070}.Debug|x64.Build.0 = Debug|x64
		{96725183-886F-44FA-9662-739C3B3A2070}.Debug|x86.ActiveCfg = Debug|Win32
		{96725183-886F-44FA-9662-739C3B3A2070}.Debug|x86.Build.0 = Debug|Win32
		{96725183-886F-44FA-9662-739C3B3A2070}.Release|x64.ActiveCfg = Release|x64
		{96725183-886F-44FA-9662-739C3B3A2070}.Release|x64.Build.0 = Release|x64
		{96725183-886F-44FA-9662-739C3B3A2070}.Release|x86.ActiveCfg = Release|Win32
		{96725183-886F-44FA-9662-739C3B3A2070}.Release|x86.Build.0 = Release|Win32
		{ED316C53-0EC2-4288-A2A8-4627C26B6B93}.Debug|x64.ActiveCfg = Debug|x64
		{ED316C53-0EC2-4288-A2A8-4627C26B6B93}.Debug|x64.Build.0 = Debug|x64
		{ED316C53-0EC2-4288-A2A8-4627C26B6B93}.Debug|x86.ActiveCfg = Debug|Win32
		{ED316C53-0EC2-4288-A2A8-4627C26B6B93}.Debug|x86.Build.0 = Debug|Win32
		{ED316C53-0EC2-4288-A2A8-4627C26B6B93}.Release|x64.ActiveCfg = Release|x64
		{ED316C53-0EC2-4288-A2A8-4627C26B6B93}.Release|x64.Build.0 = Release|x64
		{ED316C53-0EC2-4288-A2A8-4627C26B6B93}.Release|x86.ActiveCfg = Release|Win32
		{ED316C53-0EC2-4288-A2A8-4627C26B6B93}.Release|x86.Build.0 = Release|Win32
		{290E8749-57A9-4CD3-8006-4FBD6063FC5C}.Debug|x64.ActiveCfg = Debug|x64
		{290E8749-57A9-4CD3-8006-4FBD6063FC5C}.Debug|x64.Build.0 = Debug|x64
		{290E8749-57A9-4CD3-8006-4FBD6063FC5C}.Debug|x86.ActiveCfg = Debug|Win32
		{290E8749-57A9-4CD3-8006-4FBD6063FC5C}.Debug|x86.Build.0 = Debug|Win32
		{290E8749-57A9-4CD3-8006-4FBD6063FC5C}.Release|x64.ActiveCfg = Release|x64
		{290E8749-57A9-4CD3-8006-4FBD6063FC5C}.Release|x64.Build.0 = Release|x64
		{290E8749-57A9-4CD3-8006-4FBD6063FC5C}.Release|x86.ActiveCfg = Release|Win32
		{290E8749-57A9-4CD3-8006-4FBD6063FC5C}.Release|x86.Build.0 = Release|Win32
		{B5B013E1-33A7-435C-964D-8F61F2B48E1A}.Debug|x64.ActiveCfg = Debug|x64
		{B5B013E1-33A7-435C-964D-8F61F2B48E1A}.Debug|x64.Build.0 = Debug|x64
		{B5B013E1-33A7-435C-964D-8F61F2B48E1A}.Debug|x86.ActiveCfg = Debug|Win32
		{B5B013E1-33A7-435C-964D-8F61F2B48E1A}.Debug|x86.Build.0 = Debug|Win32
		{B5B013E1-33A7-435C-964D-8F61F2B48E1A}.Release|x64.ActiveCfg = Release|x64
		{B5B013E1-33A7-435C-964D-8F61F2B48E1A}.Release|x64.Build.0 = Release|x64
		{B5B013E1-33A7-435C-964D-8F61F2B48E1A}.Release|x86.ActiveCfg = Release|Win32
		{B5B013E1-33A7-435C-964D-8F61F2B48E1A}.Release|x86.Build.0 = Release|Win32
		{143C7D67-CA26-4028-BFEF-6EF761FB0721}.Debug|x64.ActiveCfg = Debug|x64
		{143C7D67-CA26-4028-BFEF-6EF761FB0721}.Debug|x64.Build.0 = Debug|x64
		{143C7D67-CA26-4028-BFEF-6EF761FB0721}.Debug|x86.ActiveCfg = Debug|Win32
		{143C7D67-CA26-4028-BFEF-6EF761FB0721}.Debug|x86.Build.0 = Debug|Win32
		{143C7D67-CA26-4028-BFEF-6EF761FB0721}.Release|x64.ActiveCfg = Release|x64
		{143C7D67-CA26-4028-BFEF-6EF761FB0721}.Release|x64.Build.0 = Release|x64
		{143C7D67-CA26-4028-BFEF-6EF761FB0721}.Release|x86.ActiveCfg = Release|Win32
		{143C7D67-CA26-4028-BFEF-6EF761FB0721}.Release|x86.Build.0 = Release|Win32
		{5B243342-FFCB-431C-AED6-1AA52B7D47CB}.Debug|x64.ActiveCfg = Debug|x64
		{5B243342-FFCB-431C-AED6-1AA52B7D47CB}.Debug|x64.Build.0 = Debug|x64
		{5B243342-FFCB-431C-AED6-1AA52B7D47CB}.Debug|x86.ActiveCfg = Debug|Win32
		{5B243342-FFCB-431C-AED6-1AA52B7D47CB}.Debug|x86.Build.0 = Debug|Win32
		{5B243342-FFCB-431C-AED6-1AA52B7D47CB}.Release|x64.ActiveCfg = Release|x64
		{5B243342-FFCB-431C-AED6-1AA52B7D47CB}.Release|x64.Build.0 = Release|x64
		{5B243342-FFCB-431C-AED6-1AA52B7D47CB}.Release|x86.ActiveCfg = Release|Win32
		{5B243342-FFCB-431C-AED6-1AA52B7D47CB}.Release|x86.Build.0 = Release|Win32
		{CCC8FBD0-F1E3-4AFB-A7B4-C0D17FBB07BE}.Debug|x64.ActiveCfg = Debug|x64
		{CCC8FBD0-F1E3-4AFB-A7B4-C0D17FBB07BE}.Debug|x64.Build.0 = Debug|x64
		{CCC8FBD0-F1E3-4AFB-A7B4-C0D17FBB07BE}.Debug|x86.ActiveCfg = Debug|Win32
		{CCC8FBD0-F1E3-4AFB-A7B4-C0D17FBB07BE}.Debug|x86.Build.0 = Debug|Win32
		{CCC8FBD0-F1E3-4AFB-A7B4-C0D17FBB07BE}.Release|x64.ActiveCfg = Release|x64
		{CCC8FBD0-F1E3-4AFB-A7B4-C0D17FBB07BE}.Release|x64.Build.0 = Release|x64
		{CCC8FBD0-F1E3-4AFB-A7B4-C0D17FBB07BE}.Release|x86.ActiveCfg = Release|Win32
		{CCC8FBD0-F1E3-4AFB-A7B4-C0D17FBB07BE}.Release|x86.Build.0 = Release|Win32
		{F2099091-74E6-4E4C-8916-F6C59C199D05}.Debug|x64.ActiveCfg = Debug|x64
		{F2099091-74E6-4E4C-8916-F6C59C199D05}.Debug|x64.Build.0 = Debug|x64
		{F2099091-74E6-4E4C-8916-F6C59C199D05}.Debug|x86.ActiveCfg = Debug|Win32
		{F2099091-74E6-4E4C-8916-F6C59C199D05}.Debug|x86.Build.0 = Debug|Win32
		{F2099091-74E6-4E4C-8916-F6C59C199D05}.Release|x64.ActiveCfg = Release|x64
		{F2099091-74E6-4E4C-8916-F6C59C199D05}.Release|x64.Build.0 = Release|x64
		{F2099091-74E6-4E4C-8916-F6C59C199D05}.Release|x86.ActiveCfg = Release|Win32
		{F2099091-74E6-4E4C-8916-F6C59C199D05}.Release|x86.Build.0 = Release|Win32
		{5E00C459-8AAD-4C0E-AACC-B4051E86132B}.Debug|x64.ActiveCfg = Debug|x64
		{5E00C459-8AAD-4C0E-AACC-B4051E86132B}.Debug|x64.Build.0 = Debug|x64
		{5E00C459-8AAD-4C0E-AACC-B4051E86132B}.Debug|x86.ActiveCfg = Debug|Win32
		{5E00C459-8AAD-4C0E-AACC-B4051E86132B}.Debug|x86.Build.0 = Debug|Win32
		{5E00C459-8AAD-4C0E-AACC-B4051E86132B}.Release|x64.ActiveCfg = Release|x64
		{5E00C459-8AAD-4C0E-AACC-B4051E86132B}.Release|x64.Build.0 = Release|x64
		{5E00C459-8AAD-4C0E-AACC-B4051E86132B}.Release|x86.ActiveCfg = Release|Win32
		{5E00C459-8AAD-4C0E-AACC-B4051E86132B}.Release|x86.Build.0 = Release|Win32
		{7B55B33A-7259-4BD8-A7A4-3126014F603D}.Debug|x64.ActiveCfg = Debug|x64
		{7B55B33A-7259-4BD8-A7A4-3126014F603D}.Debug|x64.Build.0 = Debug|x64
		{7B55B33A-7259-4BD8-A7A4-3126014F603D}.Debug|x86.ActiveCfg = Debug|Win32
		{7B55B33A-7259-4BD8-A7A4-3126014F603D}.Debug|x86.Build.0 = Debug|Win32
		{7B55B33A-7259-4BD8-A7A4-3126014F603D}.Release|x64.ActiveCfg = Release|x64
		{7B55B33A-7259-4BD8-A7A4-3126014F603D}.Release|x64.Build.0 = Release|x64
		{7B55B33A-7259-4BD8-A7A4-3126014F603D}.Release|x86.ActiveCfg = Release|Win32
		{7B55B33A-7259-4BD8-A7A4-3126014F603D}.Release|x86.Build.0 = Release|Win32
	EndGlobalSection
	GlobalSection(SolutionProperties) = preSolution
		HideSolutionNode = FALSE
	EndGlobalSection
	GlobalSection(ExtensibilityGlobals) = postSolution
		SolutionGuid = {8EA22A5A-9501-47E3-8DA0-6F296FE988E6}
	EndGlobalSection
EndGlobal
