
Microsoft Visual Studio Solution File, Format Version 12.00
# Visual Studio Version 17
VisualStudioVersion = 17.7.34031.279
MinimumVisualStudioVersion = 10.0.40219.1
Project("{8BC9CEB8-8B4A-11D0-8D11-00A0C91BC942}") = "Bai003", "Bai003\Bai003.vcxproj", "{5E6A31F6-6976-45A0-9B3A-3AAAECD7782E}"
EndProject
Project("{8BC9CEB8-8B4A-11D0-8D11-00A0C91BC942}") = "Bai008", "Bai008\Bai008.vcxproj", "{1C696E9D-EE66-421B-8662-DC085DB6DDAE}"
EndProject
Project("{8BC9CEB8-8B4A-11D0-8D11-00A0C91BC942}") = "Bai013", "Bai013\Bai013.vcxproj", "{93D0F5D5-8E3A-4B16-9BF9-E21FD1C3F74C}"
EndProject
Project("{8BC9CEB8-8B4A-11D0-8D11-00A0C91BC942}") = "Bai018", "Bai018\Bai018.vcxproj", "{DE86510D-5A0F-4CAB-B4CF-4305DF216421}"
EndProject
Project("{8BC9CEB8-8B4A-11D0-8D11-00A0C91BC942}") = "Bai023", "Bai023\Bai023.vcxproj", "{154EAE7B-B8C3-4670-A9E4-AFCF2FDC3527}"
EndProject
Project("{8BC9CEB8-8B4A-11D0-8D11-00A0C91BC942}") = "Bai028", "Bai028\Bai028.vcxproj", "{04D74772-0172-4A63-820D-DE28DA232D07}"
EndProject
Project("{8BC9CEB8-8B4A-11D0-8D11-00A0C91BC942}") = "Bai033", "Bai033\Bai033.vcxproj", "{30332B20-E8B5-4B49-97E9-18B1B3877505}"
EndProject
Project("{8BC9CEB8-8B4A-11D0-8D11-00A0C91BC942}") = "Bai038", "Bai038\Bai038.vcxproj", "{E48E3491-AF65-4841-A4DB-DEC82CCD4C17}"
EndProject
Project("{8BC9CEB8-8B4A-11D0-8D11-00A0C91BC942}") = "Bai043", "Bai043\Bai043.vcxproj", "{EEEB76A0-9D68-49D2-A243-F453FF367EA9}"
EndProject
Project("{8BC9CEB8-8B4A-11D0-8D11-00A0C91BC942}") = "Bai048", "Bai048\Bai048.vcxproj", "{61BA2ABA-942B-4F8C-90E5-AF7D854BE4ED}"
EndProject
Project("{8BC9CEB8-8B4A-11D0-8D11-00A0C91BC942}") = "Bai053", "Bai053\Bai053.vcxproj", "{B7537293-2168-4FC3-9BB6-DF4D64EE5FAE}"
EndProject
Project("{8BC9CEB8-8B4A-11D0-8D11-00A0C91BC942}") = "Bai058", "Bai058\Bai058.vcxproj", "{AD755C87-3F32-4ADD-A945-82F5A8F78BA4}"
EndProject
Project("{8BC9CEB8-8B4A-11D0-8D11-00A0C91BC942}") = "Bai063", "Bai063\Bai063.vcxproj", "{6AF7C768-39F7-4356-8B93-18AE0C5BCC51}"
EndProject
Project("{8BC9CEB8-8B4A-11D0-8D11-00A0C91BC942}") = "Bai068", "Bai068\Bai068.vcxproj", "{2BA03927-BA2F-4FD3-AFE4-EA480CFA5A21}"
EndProject
Project("{8BC9CEB8-8B4A-11D0-8D11-00A0C91BC942}") = "Bai073", "Bai073\Bai073.vcxproj", "{B3A83B79-06C3-463D-BA80-44E4BA38D10B}"
EndProject
Project("{8BC9CEB8-8B4A-11D0-8D11-00A0C91BC942}") = "Bai078", "Bai078\Bai078.vcxproj", "{06DBA3C3-790D-4DC4-8814-F72E886367EC}"
EndProject
Project("{8BC9CEB8-8B4A-11D0-8D11-00A0C91BC942}") = "Bai083", "Bai083\Bai083.vcxproj", "{444555F9-1263-4F1A-A11B-7A2B63B89E7C}"
EndProject
Project("{8BC9CEB8-8B4A-11D0-8D11-00A0C91BC942}") = "Bai088", "Bai088\Bai088.vcxproj", "{02FB9D51-E2A4-43FF-A2D4-1F20F7BA24C5}"
EndProject
Project("{8BC9CEB8-8B4A-11D0-8D11-00A0C91BC942}") = "Bai093", "Bai093\Bai093.vcxproj", "{D9AF0E1A-8158-46EE-9FA4-E2D40C910B86}"
EndProject
Project("{8BC9CEB8-8B4A-11D0-8D11-00A0C91BC942}") = "Bai098", "Bai098\Bai098.vcxproj", "{3CF12D92-96C2-42D2-ADC1-9020AB31BF24}"
EndProject
Project("{8BC9CEB8-8B4A-11D0-8D11-00A0C91BC942}") = "Bai103", "Bai103\Bai103.vcxproj", "{A6CCEFF1-4DE0-4B22-A6DC-C6DC26027E91}"
EndProject
Project("{8BC9CEB8-8B4A-11D0-8D11-00A0C91BC942}") = "Bai108", "Bai108\Bai108.vcxproj", "{A518979F-8A10-4602-ABE6-34D3F5E5FF84}"
EndProject
Project("{8BC9CEB8-8B4A-11D0-8D11-00A0C91BC942}") = "Bai113", "Bai113\Bai113.vcxproj", "{9E5D0F09-5A22-4C87-8A3E-05F09337C655}"
EndProject
Project("{8BC9CEB8-8B4A-11D0-8D11-00A0C91BC942}") = "Bai118", "Bai118\Bai118.vcxproj", "{025A8B66-20C4-4D9C-93D2-DE4BD34FF917}"
EndProject
Project("{8BC9CEB8-8B4A-11D0-8D11-00A0C91BC942}") = "Bai123", "Bai123\Bai123.vcxproj", "{2BA8867C-2C1B-4C84-B950-B6ED0044084F}"
EndProject
Project("{8BC9CEB8-8B4A-11D0-8D11-00A0C91BC942}") = "Bai128", "Bai128\Bai128.vcxproj", "{75C5E1C1-5255-4DEA-8901-A645BADFF395}"
EndProject
Project("{8BC9CEB8-8B4A-11D0-8D11-00A0C91BC942}") = "Bai133", "Bai133\Bai133.vcxproj", "{357970DD-E306-4AC5-BA43-89BDCE00AD19}"
EndProject
Project("{8BC9CEB8-8B4A-11D0-8D11-00A0C91BC942}") = "Bai138", "Bai138\Bai138.vcxproj", "{462CCB1C-C3A2-4A10-A482-263CA031C319}"
EndProject
Project("{8BC9CEB8-8B4A-11D0-8D11-00A0C91BC942}") = "Bai143", "Bai143\Bai143.vcxproj", "{184A8502-CD90-42C5-B148-CF326D8C9BE1}"
EndProject
Project("{8BC9CEB8-8B4A-11D0-8D11-00A0C91BC942}") = "Bai153", "Bai153\Bai153.vcxproj", "{4BBA574F-479D-4813-ABAB-78EF2DDDBE20}"
EndProject
Project("{8BC9CEB8-8B4A-11D0-8D11-00A0C91BC942}") = "Bai148", "Bai148\Bai148.vcxproj", "{1F2F2857-4C06-440C-8BC4-CDC472F9F21D}"
EndProject
Project("{8BC9CEB8-8B4A-11D0-8D11-00A0C91BC942}") = "Bai158", "Bai158\Bai158.vcxproj", "{48C460AD-F037-49DD-B8C0-7C8A30AA1657}"
EndProject
Project("{8BC9CEB8-8B4A-11D0-8D11-00A0C91BC942}") = "Bai168", "Bai168\Bai168.vcxproj", "{BD84A6E8-15D9-4218-AE03-59E8FFA7D799}"
EndProject
Project("{8BC9CEB8-8B4A-11D0-8D11-00A0C91BC942}") = "Bai163", "Bai163\Bai163.vcxproj", "{CD088B3E-FCCD-4E0D-811C-E6E00A757572}"
EndProject
Project("{8BC9CEB8-8B4A-11D0-8D11-00A0C91BC942}") = "Bai173", "Bai173\Bai173.vcxproj", "{5BF5E88E-AB3F-4964-9D43-6A2368D5C2AB}"
EndProject
Project("{8BC9CEB8-8B4A-11D0-8D11-00A0C91BC942}") = "Bai178", "Bai178\Bai178.vcxproj", "{6C762EAD-F14F-484C-BF32-25B779E30B25}"
EndProject
Project("{8BC9CEB8-8B4A-11D0-8D11-00A0C91BC942}") = "Bai183", "Bai183\Bai183.vcxproj", "{247EBE44-729F-42EC-8CA9-E8C996F0EEE0}"
EndProject
Project("{8BC9CEB8-8B4A-11D0-8D11-00A0C91BC942}") = "Bai188", "Bai188\Bai188.vcxproj", "{2C6181D5-6D70-4666-8D3F-0C73CF5043E8}"
EndProject
Project("{8BC9CEB8-8B4A-11D0-8D11-00A0C91BC942}") = "Bai193", "Bai193\Bai193.vcxproj", "{45633202-5CD4-47CC-AFAA-2B802C025A53}"
EndProject
Project("{8BC9CEB8-8B4A-11D0-8D11-00A0C91BC942}") = "Bai198", "Bai198\Bai198.vcxproj", "{79AF8470-2FE0-4847-9E6D-6784736ECBE2}"
EndProject
Project("{8BC9CEB8-8B4A-11D0-8D11-00A0C91BC942}") = "Bai203", "Bai203\Bai203.vcxproj", "{ECA8511C-08F5-4812-A920-4D9B75438C0A}"
EndProject
Project("{8BC9CEB8-8B4A-11D0-8D11-00A0C91BC942}") = "Bai208", "Bai208\Bai208.vcxproj", "{952F8F0A-015E-438C-B4C5-94365E5F514A}"
EndProject
Project("{8BC9CEB8-8B4A-11D0-8D11-00A0C91BC942}") = "Bai213", "Bai213\Bai213.vcxproj", "{0D8A8482-5DCC-4E4E-B122-D8543690525D}"
EndProject
Project("{8BC9CEB8-8B4A-11D0-8D11-00A0C91BC942}") = "Bai218", "Bai218\Bai218.vcxproj", "{0885BC5C-1AE8-447F-A58A-18C23FA05DF4}"
EndProject
Project("{8BC9CEB8-8B4A-11D0-8D11-00A0C91BC942}") = "Bai223", "Bai223\Bai223.vcxproj", "{01FADA37-901F-4C35-919F-AC5B1CEA5294}"
EndProject
Project("{8BC9CEB8-8B4A-11D0-8D11-00A0C91BC942}") = "Bai228", "Bai228\Bai228.vcxproj", "{7AE6D92B-16D4-4E81-B2EF-952CAAFFD619}"
EndProject
Project("{8BC9CEB8-8B4A-11D0-8D11-00A0C91BC942}") = "Bai233", "Bai233\Bai233.vcxproj", "{4FB4A837-30A7-4194-B54D-6D224C0EDE47}"
EndProject
Project("{8BC9CEB8-8B4A-11D0-8D11-00A0C91BC942}") = "Bai239", "Bai239\Bai239.vcxproj", "{F3AD0662-CD53-44AD-AB5E-744749F40B68}"
EndProject
Global
	GlobalSection(SolutionConfigurationPlatforms) = preSolution
		Debug|x64 = Debug|x64
		Debug|x86 = Debug|x86
		Release|x64 = Release|x64
		Release|x86 = Release|x86
	EndGlobalSection
	GlobalSection(ProjectConfigurationPlatforms) = postSolution
		{5E6A31F6-6976-45A0-9B3A-3AAAECD7782E}.Debug|x64.ActiveCfg = Debug|x64
		{5E6A31F6-6976-45A0-9B3A-3AAAECD7782E}.Debug|x64.Build.0 = Debug|x64
		{5E6A31F6-6976-45A0-9B3A-3AAAECD7782E}.Debug|x86.ActiveCfg = Debug|Win32
		{5E6A31F6-6976-45A0-9B3A-3AAAECD7782E}.Debug|x86.Build.0 = Debug|Win32
		{5E6A31F6-6976-45A0-9B3A-3AAAECD7782E}.Release|x64.ActiveCfg = Release|x64
		{5E6A31F6-6976-45A0-9B3A-3AAAECD7782E}.Release|x64.Build.0 = Release|x64
		{5E6A31F6-6976-45A0-9B3A-3AAAECD7782E}.Release|x86.ActiveCfg = Release|Win32
		{5E6A31F6-6976-45A0-9B3A-3AAAECD7782E}.Release|x86.Build.0 = Release|Win32
		{1C696E9D-EE66-421B-8662-DC085DB6DDAE}.Debug|x64.ActiveCfg = Debug|x64
		{1C696E9D-EE66-421B-8662-DC085DB6DDAE}.Debug|x64.Build.0 = Debug|x64
		{1C696E9D-EE66-421B-8662-DC085DB6DDAE}.Debug|x86.ActiveCfg = Debug|Win32
		{1C696E9D-EE66-421B-8662-DC085DB6DDAE}.Debug|x86.Build.0 = Debug|Win32
		{1C696E9D-EE66-421B-8662-DC085DB6DDAE}.Release|x64.ActiveCfg = Release|x64
		{1C696E9D-EE66-421B-8662-DC085DB6DDAE}.Release|x64.Build.0 = Release|x64
		{1C696E9D-EE66-421B-8662-DC085DB6DDAE}.Release|x86.ActiveCfg = Release|Win32
		{1C696E9D-EE66-421B-8662-DC085DB6DDAE}.Release|x86.Build.0 = Release|Win32
		{93D0F5D5-8E3A-4B16-9BF9-E21FD1C3F74C}.Debug|x64.ActiveCfg = Debug|x64
		{93D0F5D5-8E3A-4B16-9BF9-E21FD1C3F74C}.Debug|x64.Build.0 = Debug|x64
		{93D0F5D5-8E3A-4B16-9BF9-E21FD1C3F74C}.Debug|x86.ActiveCfg = Debug|Win32
		{93D0F5D5-8E3A-4B16-9BF9-E21FD1C3F74C}.Debug|x86.Build.0 = Debug|Win32
		{93D0F5D5-8E3A-4B16-9BF9-E21FD1C3F74C}.Release|x64.ActiveCfg = Release|x64
		{93D0F5D5-8E3A-4B16-9BF9-E21FD1C3F74C}.Release|x64.Build.0 = Release|x64
		{93D0F5D5-8E3A-4B16-9BF9-E21FD1C3F74C}.Release|x86.ActiveCfg = Release|Win32
		{93D0F5D5-8E3A-4B16-9BF9-E21FD1C3F74C}.Release|x86.Build.0 = Release|Win32
		{DE86510D-5A0F-4CAB-B4CF-4305DF216421}.Debug|x64.ActiveCfg = Debug|x64
		{DE86510D-5A0F-4CAB-B4CF-4305DF216421}.Debug|x64.Build.0 = Debug|x64
		{DE86510D-5A0F-4CAB-B4CF-4305DF216421}.Debug|x86.ActiveCfg = Debug|Win32
		{DE86510D-5A0F-4CAB-B4CF-4305DF216421}.Debug|x86.Build.0 = Debug|Win32
		{DE86510D-5A0F-4CAB-B4CF-4305DF216421}.Release|x64.ActiveCfg = Release|x64
		{DE86510D-5A0F-4CAB-B4CF-4305DF216421}.Release|x64.Build.0 = Release|x64
		{DE86510D-5A0F-4CAB-B4CF-4305DF216421}.Release|x86.ActiveCfg = Release|Win32
		{DE86510D-5A0F-4CAB-B4CF-4305DF216421}.Release|x86.Build.0 = Release|Win32
		{154EAE7B-B8C3-4670-A9E4-AFCF2FDC3527}.Debug|x64.ActiveCfg = Debug|x64
		{154EAE7B-B8C3-4670-A9E4-AFCF2FDC3527}.Debug|x64.Build.0 = Debug|x64
		{154EAE7B-B8C3-4670-A9E4-AFCF2FDC3527}.Debug|x86.ActiveCfg = Debug|Win32
		{154EAE7B-B8C3-4670-A9E4-AFCF2FDC3527}.Debug|x86.Build.0 = Debug|Win32
		{154EAE7B-B8C3-4670-A9E4-AFCF2FDC3527}.Release|x64.ActiveCfg = Release|x64
		{154EAE7B-B8C3-4670-A9E4-AFCF2FDC3527}.Release|x64.Build.0 = Release|x64
		{154EAE7B-B8C3-4670-A9E4-AFCF2FDC3527}.Release|x86.ActiveCfg = Release|Win32
		{154EAE7B-B8C3-4670-A9E4-AFCF2FDC3527}.Release|x86.Build.0 = Release|Win32
		{04D74772-0172-4A63-820D-DE28DA232D07}.Debug|x64.ActiveCfg = Debug|x64
		{04D74772-0172-4A63-820D-DE28DA232D07}.Debug|x64.Build.0 = Debug|x64
		{04D74772-0172-4A63-820D-DE28DA232D07}.Debug|x86.ActiveCfg = Debug|Win32
		{04D74772-0172-4A63-820D-DE28DA232D07}.Debug|x86.Build.0 = Debug|Win32
		{04D74772-0172-4A63-820D-DE28DA232D07}.Release|x64.ActiveCfg = Release|x64
		{04D74772-0172-4A63-820D-DE28DA232D07}.Release|x64.Build.0 = Release|x64
		{04D74772-0172-4A63-820D-DE28DA232D07}.Release|x86.ActiveCfg = Release|Win32
		{04D74772-0172-4A63-820D-DE28DA232D07}.Release|x86.Build.0 = Release|Win32
		{30332B20-E8B5-4B49-97E9-18B1B3877505}.Debug|x64.ActiveCfg = Debug|x64
		{30332B20-E8B5-4B49-97E9-18B1B3877505}.Debug|x64.Build.0 = Debug|x64
		{30332B20-E8B5-4B49-97E9-18B1B3877505}.Debug|x86.ActiveCfg = Debug|Win32
		{30332B20-E8B5-4B49-97E9-18B1B3877505}.Debug|x86.Build.0 = Debug|Win32
		{30332B20-E8B5-4B49-97E9-18B1B3877505}.Release|x64.ActiveCfg = Release|x64
		{30332B20-E8B5-4B49-97E9-18B1B3877505}.Release|x64.Build.0 = Release|x64
		{30332B20-E8B5-4B49-97E9-18B1B3877505}.Release|x86.ActiveCfg = Release|Win32
		{30332B20-E8B5-4B49-97E9-18B1B3877505}.Release|x86.Build.0 = Release|Win32
		{E48E3491-AF65-4841-A4DB-DEC82CCD4C17}.Debug|x64.ActiveCfg = Debug|x64
		{E48E3491-AF65-4841-A4DB-DEC82CCD4C17}.Debug|x64.Build.0 = Debug|x64
		{E48E3491-AF65-4841-A4DB-DEC82CCD4C17}.Debug|x86.ActiveCfg = Debug|Win32
		{E48E3491-AF65-4841-A4DB-DEC82CCD4C17}.Debug|x86.Build.0 = Debug|Win32
		{E48E3491-AF65-4841-A4DB-DEC82CCD4C17}.Release|x64.ActiveCfg = Release|x64
		{E48E3491-AF65-4841-A4DB-DEC82CCD4C17}.Release|x64.Build.0 = Release|x64
		{E48E3491-AF65-4841-A4DB-DEC82CCD4C17}.Release|x86.ActiveCfg = Release|Win32
		{E48E3491-AF65-4841-A4DB-DEC82CCD4C17}.Release|x86.Build.0 = Release|Win32
		{EEEB76A0-9D68-49D2-A243-F453FF367EA9}.Debug|x64.ActiveCfg = Debug|x64
		{EEEB76A0-9D68-49D2-A243-F453FF367EA9}.Debug|x64.Build.0 = Debug|x64
		{EEEB76A0-9D68-49D2-A243-F453FF367EA9}.Debug|x86.ActiveCfg = Debug|Win32
		{EEEB76A0-9D68-49D2-A243-F453FF367EA9}.Debug|x86.Build.0 = Debug|Win32
		{EEEB76A0-9D68-49D2-A243-F453FF367EA9}.Release|x64.ActiveCfg = Release|x64
		{EEEB76A0-9D68-49D2-A243-F453FF367EA9}.Release|x64.Build.0 = Release|x64
		{EEEB76A0-9D68-49D2-A243-F453FF367EA9}.Release|x86.ActiveCfg = Release|Win32
		{EEEB76A0-9D68-49D2-A243-F453FF367EA9}.Release|x86.Build.0 = Release|Win32
		{61BA2ABA-942B-4F8C-90E5-AF7D854BE4ED}.Debug|x64.ActiveCfg = Debug|x64
		{61BA2ABA-942B-4F8C-90E5-AF7D854BE4ED}.Debug|x64.Build.0 = Debug|x64
		{61BA2ABA-942B-4F8C-90E5-AF7D854BE4ED}.Debug|x86.ActiveCfg = Debug|Win32
		{61BA2ABA-942B-4F8C-90E5-AF7D854BE4ED}.Debug|x86.Build.0 = Debug|Win32
		{61BA2ABA-942B-4F8C-90E5-AF7D854BE4ED}.Release|x64.ActiveCfg = Release|x64
		{61BA2ABA-942B-4F8C-90E5-AF7D854BE4ED}.Release|x64.Build.0 = Release|x64
		{61BA2ABA-942B-4F8C-90E5-AF7D854BE4ED}.Release|x86.ActiveCfg = Release|Win32
		{61BA2ABA-942B-4F8C-90E5-AF7D854BE4ED}.Release|x86.Build.0 = Release|Win32
		{B7537293-2168-4FC3-9BB6-DF4D64EE5FAE}.Debug|x64.ActiveCfg = Debug|x64
		{B7537293-2168-4FC3-9BB6-DF4D64EE5FAE}.Debug|x64.Build.0 = Debug|x64
		{B7537293-2168-4FC3-9BB6-DF4D64EE5FAE}.Debug|x86.ActiveCfg = Debug|Win32
		{B7537293-2168-4FC3-9BB6-DF4D64EE5FAE}.Debug|x86.Build.0 = Debug|Win32
		{B7537293-2168-4FC3-9BB6-DF4D64EE5FAE}.Release|x64.ActiveCfg = Release|x64
		{B7537293-2168-4FC3-9BB6-DF4D64EE5FAE}.Release|x64.Build.0 = Release|x64
		{B7537293-2168-4FC3-9BB6-DF4D64EE5FAE}.Release|x86.ActiveCfg = Release|Win32
		{B7537293-2168-4FC3-9BB6-DF4D64EE5FAE}.Release|x86.Build.0 = Release|Win32
		{AD755C87-3F32-4ADD-A945-82F5A8F78BA4}.Debug|x64.ActiveCfg = Debug|x64
		{AD755C87-3F32-4ADD-A945-82F5A8F78BA4}.Debug|x64.Build.0 = Debug|x64
		{AD755C87-3F32-4ADD-A945-82F5A8F78BA4}.Debug|x86.ActiveCfg = Debug|Win32
		{AD755C87-3F32-4ADD-A945-82F5A8F78BA4}.Debug|x86.Build.0 = Debug|Win32
		{AD755C87-3F32-4ADD-A945-82F5A8F78BA4}.Release|x64.ActiveCfg = Release|x64
		{AD755C87-3F32-4ADD-A945-82F5A8F78BA4}.Release|x64.Build.0 = Release|x64
		{AD755C87-3F32-4ADD-A945-82F5A8F78BA4}.Release|x86.ActiveCfg = Release|Win32
		{AD755C87-3F32-4ADD-A945-82F5A8F78BA4}.Release|x86.Build.0 = Release|Win32
		{6AF7C768-39F7-4356-8B93-18AE0C5BCC51}.Debug|x64.ActiveCfg = Debug|x64
		{6AF7C768-39F7-4356-8B93-18AE0C5BCC51}.Debug|x64.Build.0 = Debug|x64
		{6AF7C768-39F7-4356-8B93-18AE0C5BCC51}.Debug|x86.ActiveCfg = Debug|Win32
		{6AF7C768-39F7-4356-8B93-18AE0C5BCC51}.Debug|x86.Build.0 = Debug|Win32
		{6AF7C768-39F7-4356-8B93-18AE0C5BCC51}.Release|x64.ActiveCfg = Release|x64
		{6AF7C768-39F7-4356-8B93-18AE0C5BCC51}.Release|x64.Build.0 = Release|x64
		{6AF7C768-39F7-4356-8B93-18AE0C5BCC51}.Release|x86.ActiveCfg = Release|Win32
		{6AF7C768-39F7-4356-8B93-18AE0C5BCC51}.Release|x86.Build.0 = Release|Win32
		{2BA03927-BA2F-4FD3-AFE4-EA480CFA5A21}.Debug|x64.ActiveCfg = Debug|x64
		{2BA03927-BA2F-4FD3-AFE4-EA480CFA5A21}.Debug|x64.Build.0 = Debug|x64
		{2BA03927-BA2F-4FD3-AFE4-EA480CFA5A21}.Debug|x86.ActiveCfg = Debug|Win32
		{2BA03927-BA2F-4FD3-AFE4-EA480CFA5A21}.Debug|x86.Build.0 = Debug|Win32
		{2BA03927-BA2F-4FD3-AFE4-EA480CFA5A21}.Release|x64.ActiveCfg = Release|x64
		{2BA03927-BA2F-4FD3-AFE4-EA480CFA5A21}.Release|x64.Build.0 = Release|x64
		{2BA03927-BA2F-4FD3-AFE4-EA480CFA5A21}.Release|x86.ActiveCfg = Release|Win32
		{2BA03927-BA2F-4FD3-AFE4-EA480CFA5A21}.Release|x86.Build.0 = Release|Win32
		{B3A83B79-06C3-463D-BA80-44E4BA38D10B}.Debug|x64.ActiveCfg = Debug|x64
		{B3A83B79-06C3-463D-BA80-44E4BA38D10B}.Debug|x64.Build.0 = Debug|x64
		{B3A83B79-06C3-463D-BA80-44E4BA38D10B}.Debug|x86.ActiveCfg = Debug|Win32
		{B3A83B79-06C3-463D-BA80-44E4BA38D10B}.Debug|x86.Build.0 = Debug|Win32
		{B3A83B79-06C3-463D-BA80-44E4BA38D10B}.Release|x64.ActiveCfg = Release|x64
		{B3A83B79-06C3-463D-BA80-44E4BA38D10B}.Release|x64.Build.0 = Release|x64
		{B3A83B79-06C3-463D-BA80-44E4BA38D10B}.Release|x86.ActiveCfg = Release|Win32
		{B3A83B79-06C3-463D-BA80-44E4BA38D10B}.Release|x86.Build.0 = Release|Win32
		{06DBA3C3-790D-4DC4-8814-F72E886367EC}.Debug|x64.ActiveCfg = Debug|x64
		{06DBA3C3-790D-4DC4-8814-F72E886367EC}.Debug|x64.Build.0 = Debug|x64
		{06DBA3C3-790D-4DC4-8814-F72E886367EC}.Debug|x86.ActiveCfg = Debug|Win32
		{06DBA3C3-790D-4DC4-8814-F72E886367EC}.Debug|x86.Build.0 = Debug|Win32
		{06DBA3C3-790D-4DC4-8814-F72E886367EC}.Release|x64.ActiveCfg = Release|x64
		{06DBA3C3-790D-4DC4-8814-F72E886367EC}.Release|x64.Build.0 = Release|x64
		{06DBA3C3-790D-4DC4-8814-F72E886367EC}.Release|x86.ActiveCfg = Release|Win32
		{06DBA3C3-790D-4DC4-8814-F72E886367EC}.Release|x86.Build.0 = Release|Win32
		{444555F9-1263-4F1A-A11B-7A2B63B89E7C}.Debug|x64.ActiveCfg = Debug|x64
		{444555F9-1263-4F1A-A11B-7A2B63B89E7C}.Debug|x64.Build.0 = Debug|x64
		{444555F9-1263-4F1A-A11B-7A2B63B89E7C}.Debug|x86.ActiveCfg = Debug|Win32
		{444555F9-1263-4F1A-A11B-7A2B63B89E7C}.Debug|x86.Build.0 = Debug|Win32
		{444555F9-1263-4F1A-A11B-7A2B63B89E7C}.Release|x64.ActiveCfg = Release|x64
		{444555F9-1263-4F1A-A11B-7A2B63B89E7C}.Release|x64.Build.0 = Release|x64
		{444555F9-1263-4F1A-A11B-7A2B63B89E7C}.Release|x86.ActiveCfg = Release|Win32
		{444555F9-1263-4F1A-A11B-7A2B63B89E7C}.Release|x86.Build.0 = Release|Win32
		{02FB9D51-E2A4-43FF-A2D4-1F20F7BA24C5}.Debug|x64.ActiveCfg = Debug|x64
		{02FB9D51-E2A4-43FF-A2D4-1F20F7BA24C5}.Debug|x64.Build.0 = Debug|x64
		{02FB9D51-E2A4-43FF-A2D4-1F20F7BA24C5}.Debug|x86.ActiveCfg = Debug|Win32
		{02FB9D51-E2A4-43FF-A2D4-1F20F7BA24C5}.Debug|x86.Build.0 = Debug|Win32
		{02FB9D51-E2A4-43FF-A2D4-1F20F7BA24C5}.Release|x64.ActiveCfg = Release|x64
		{02FB9D51-E2A4-43FF-A2D4-1F20F7BA24C5}.Release|x64.Build.0 = Release|x64
		{02FB9D51-E2A4-43FF-A2D4-1F20F7BA24C5}.Release|x86.ActiveCfg = Release|Win32
		{02FB9D51-E2A4-43FF-A2D4-1F20F7BA24C5}.Release|x86.Build.0 = Release|Win32
		{D9AF0E1A-8158-46EE-9FA4-E2D40C910B86}.Debug|x64.ActiveCfg = Debug|x64
		{D9AF0E1A-8158-46EE-9FA4-E2D40C910B86}.Debug|x64.Build.0 = Debug|x64
		{D9AF0E1A-8158-46EE-9FA4-E2D40C910B86}.Debug|x86.ActiveCfg = Debug|Win32
		{D9AF0E1A-8158-46EE-9FA4-E2D40C910B86}.Debug|x86.Build.0 = Debug|Win32
		{D9AF0E1A-8158-46EE-9FA4-E2D40C910B86}.Release|x64.ActiveCfg = Release|x64
		{D9AF0E1A-8158-46EE-9FA4-E2D40C910B86}.Release|x64.Build.0 = Release|x64
		{D9AF0E1A-8158-46EE-9FA4-E2D40C910B86}.Release|x86.ActiveCfg = Release|Win32
		{D9AF0E1A-8158-46EE-9FA4-E2D40C910B86}.Release|x86.Build.0 = Release|Win32
		{3CF12D92-96C2-42D2-ADC1-9020AB31BF24}.Debug|x64.ActiveCfg = Debug|x64
		{3CF12D92-96C2-42D2-ADC1-9020AB31BF24}.Debug|x64.Build.0 = Debug|x64
		{3CF12D92-96C2-42D2-ADC1-9020AB31BF24}.Debug|x86.ActiveCfg = Debug|Win32
		{3CF12D92-96C2-42D2-ADC1-9020AB31BF24}.Debug|x86.Build.0 = Debug|Win32
		{3CF12D92-96C2-42D2-ADC1-9020AB31BF24}.Release|x64.ActiveCfg = Release|x64
		{3CF12D92-96C2-42D2-ADC1-9020AB31BF24}.Release|x64.Build.0 = Release|x64
		{3CF12D92-96C2-42D2-ADC1-9020AB31BF24}.Release|x86.ActiveCfg = Release|Win32
		{3CF12D92-96C2-42D2-ADC1-9020AB31BF24}.Release|x86.Build.0 = Release|Win32
		{A6CCEFF1-4DE0-4B22-A6DC-C6DC26027E91}.Debug|x64.ActiveCfg = Debug|x64
		{A6CCEFF1-4DE0-4B22-A6DC-C6DC26027E91}.Debug|x64.Build.0 = Debug|x64
		{A6CCEFF1-4DE0-4B22-A6DC-C6DC26027E91}.Debug|x86.ActiveCfg = Debug|Win32
		{A6CCEFF1-4DE0-4B22-A6DC-C6DC26027E91}.Debug|x86.Build.0 = Debug|Win32
		{A6CCEFF1-4DE0-4B22-A6DC-C6DC26027E91}.Release|x64.ActiveCfg = Release|x64
		{A6CCEFF1-4DE0-4B22-A6DC-C6DC26027E91}.Release|x64.Build.0 = Release|x64
		{A6CCEFF1-4DE0-4B22-A6DC-C6DC26027E91}.Release|x86.ActiveCfg = Release|Win32
		{A6CCEFF1-4DE0-4B22-A6DC-C6DC26027E91}.Release|x86.Build.0 = Release|Win32
		{A518979F-8A10-4602-ABE6-34D3F5E5FF84}.Debug|x64.ActiveCfg = Debug|x64
		{A518979F-8A10-4602-ABE6-34D3F5E5FF84}.Debug|x64.Build.0 = Debug|x64
		{A518979F-8A10-4602-ABE6-34D3F5E5FF84}.Debug|x86.ActiveCfg = Debug|Win32
		{A518979F-8A10-4602-ABE6-34D3F5E5FF84}.Debug|x86.Build.0 = Debug|Win32
		{A518979F-8A10-4602-ABE6-34D3F5E5FF84}.Release|x64.ActiveCfg = Release|x64
		{A518979F-8A10-4602-ABE6-34D3F5E5FF84}.Release|x64.Build.0 = Release|x64
		{A518979F-8A10-4602-ABE6-34D3F5E5FF84}.Release|x86.ActiveCfg = Release|Win32
		{A518979F-8A10-4602-ABE6-34D3F5E5FF84}.Release|x86.Build.0 = Release|Win32
		{9E5D0F09-5A22-4C87-8A3E-05F09337C655}.Debug|x64.ActiveCfg = Debug|x64
		{9E5D0F09-5A22-4C87-8A3E-05F09337C655}.Debug|x64.Build.0 = Debug|x64
		{9E5D0F09-5A22-4C87-8A3E-05F09337C655}.Debug|x86.ActiveCfg = Debug|Win32
		{9E5D0F09-5A22-4C87-8A3E-05F09337C655}.Debug|x86.Build.0 = Debug|Win32
		{9E5D0F09-5A22-4C87-8A3E-05F09337C655}.Release|x64.ActiveCfg = Release|x64
		{9E5D0F09-5A22-4C87-8A3E-05F09337C655}.Release|x64.Build.0 = Release|x64
		{9E5D0F09-5A22-4C87-8A3E-05F09337C655}.Release|x86.ActiveCfg = Release|Win32
		{9E5D0F09-5A22-4C87-8A3E-05F09337C655}.Release|x86.Build.0 = Release|Win32
		{025A8B66-20C4-4D9C-93D2-DE4BD34FF917}.Debug|x64.ActiveCfg = Debug|x64
		{025A8B66-20C4-4D9C-93D2-DE4BD34FF917}.Debug|x64.Build.0 = Debug|x64
		{025A8B66-20C4-4D9C-93D2-DE4BD34FF917}.Debug|x86.ActiveCfg = Debug|Win32
		{025A8B66-20C4-4D9C-93D2-DE4BD34FF917}.Debug|x86.Build.0 = Debug|Win32
		{025A8B66-20C4-4D9C-93D2-DE4BD34FF917}.Release|x64.ActiveCfg = Release|x64
		{025A8B66-20C4-4D9C-93D2-DE4BD34FF917}.Release|x64.Build.0 = Release|x64
		{025A8B66-20C4-4D9C-93D2-DE4BD34FF917}.Release|x86.ActiveCfg = Release|Win32
		{025A8B66-20C4-4D9C-93D2-DE4BD34FF917}.Release|x86.Build.0 = Release|Win32
		{2BA8867C-2C1B-4C84-B950-B6ED0044084F}.Debug|x64.ActiveCfg = Debug|x64
		{2BA8867C-2C1B-4C84-B950-B6ED0044084F}.Debug|x64.Build.0 = Debug|x64
		{2BA8867C-2C1B-4C84-B950-B6ED0044084F}.Debug|x86.ActiveCfg = Debug|Win32
		{2BA8867C-2C1B-4C84-B950-B6ED0044084F}.Debug|x86.Build.0 = Debug|Win32
		{2BA8867C-2C1B-4C84-B950-B6ED0044084F}.Release|x64.ActiveCfg = Release|x64
		{2BA8867C-2C1B-4C84-B950-B6ED0044084F}.Release|x64.Build.0 = Release|x64
		{2BA8867C-2C1B-4C84-B950-B6ED0044084F}.Release|x86.ActiveCfg = Release|Win32
		{2BA8867C-2C1B-4C84-B950-B6ED0044084F}.Release|x86.Build.0 = Release|Win32
		{75C5E1C1-5255-4DEA-8901-A645BADFF395}.Debug|x64.ActiveCfg = Debug|x64
		{75C5E1C1-5255-4DEA-8901-A645BADFF395}.Debug|x64.Build.0 = Debug|x64
		{75C5E1C1-5255-4DEA-8901-A645BADFF395}.Debug|x86.ActiveCfg = Debug|Win32
		{75C5E1C1-5255-4DEA-8901-A645BADFF395}.Debug|x86.Build.0 = Debug|Win32
		{75C5E1C1-5255-4DEA-8901-A645BADFF395}.Release|x64.ActiveCfg = Release|x64
		{75C5E1C1-5255-4DEA-8901-A645BADFF395}.Release|x64.Build.0 = Release|x64
		{75C5E1C1-5255-4DEA-8901-A645BADFF395}.Release|x86.ActiveCfg = Release|Win32
		{75C5E1C1-5255-4DEA-8901-A645BADFF395}.Release|x86.Build.0 = Release|Win32
		{357970DD-E306-4AC5-BA43-89BDCE00AD19}.Debug|x64.ActiveCfg = Debug|x64
		{357970DD-E306-4AC5-BA43-89BDCE00AD19}.Debug|x64.Build.0 = Debug|x64
		{357970DD-E306-4AC5-BA43-89BDCE00AD19}.Debug|x86.ActiveCfg = Debug|Win32
		{357970DD-E306-4AC5-BA43-89BDCE00AD19}.Debug|x86.Build.0 = Debug|Win32
		{357970DD-E306-4AC5-BA43-89BDCE00AD19}.Release|x64.ActiveCfg = Release|x64
		{357970DD-E306-4AC5-BA43-89BDCE00AD19}.Release|x64.Build.0 = Release|x64
		{357970DD-E306-4AC5-BA43-89BDCE00AD19}.Release|x86.ActiveCfg = Release|Win32
		{357970DD-E306-4AC5-BA43-89BDCE00AD19}.Release|x86.Build.0 = Release|Win32
		{462CCB1C-C3A2-4A10-A482-263CA031C319}.Debug|x64.ActiveCfg = Debug|x64
		{462CCB1C-C3A2-4A10-A482-263CA031C319}.Debug|x64.Build.0 = Debug|x64
		{462CCB1C-C3A2-4A10-A482-263CA031C319}.Debug|x86.ActiveCfg = Debug|Win32
		{462CCB1C-C3A2-4A10-A482-263CA031C319}.Debug|x86.Build.0 = Debug|Win32
		{462CCB1C-C3A2-4A10-A482-263CA031C319}.Release|x64.ActiveCfg = Release|x64
		{462CCB1C-C3A2-4A10-A482-263CA031C319}.Release|x64.Build.0 = Release|x64
		{462CCB1C-C3A2-4A10-A482-263CA031C319}.Release|x86.ActiveCfg = Release|Win32
		{462CCB1C-C3A2-4A10-A482-263CA031C319}.Release|x86.Build.0 = Release|Win32
		{184A8502-CD90-42C5-B148-CF326D8C9BE1}.Debug|x64.ActiveCfg = Debug|x64
		{184A8502-CD90-42C5-B148-CF326D8C9BE1}.Debug|x64.Build.0 = Debug|x64
		{184A8502-CD90-42C5-B148-CF326D8C9BE1}.Debug|x86.ActiveCfg = Debug|Win32
		{184A8502-CD90-42C5-B148-CF326D8C9BE1}.Debug|x86.Build.0 = Debug|Win32
		{184A8502-CD90-42C5-B148-CF326D8C9BE1}.Release|x64.ActiveCfg = Release|x64
		{184A8502-CD90-42C5-B148-CF326D8C9BE1}.Release|x64.Build.0 = Release|x64
		{184A8502-CD90-42C5-B148-CF326D8C9BE1}.Release|x86.ActiveCfg = Release|Win32
		{184A8502-CD90-42C5-B148-CF326D8C9BE1}.Release|x86.Build.0 = Release|Win32
		{4BBA574F-479D-4813-ABAB-78EF2DDDBE20}.Debug|x64.ActiveCfg = Debug|x64
		{4BBA574F-479D-4813-ABAB-78EF2DDDBE20}.Debug|x64.Build.0 = Debug|x64
		{4BBA574F-479D-4813-ABAB-78EF2DDDBE20}.Debug|x86.ActiveCfg = Debug|Win32
		{4BBA574F-479D-4813-ABAB-78EF2DDDBE20}.Debug|x86.Build.0 = Debug|Win32
		{4BBA574F-479D-4813-ABAB-78EF2DDDBE20}.Release|x64.ActiveCfg = Release|x64
		{4BBA574F-479D-4813-ABAB-78EF2DDDBE20}.Release|x64.Build.0 = Release|x64
		{4BBA574F-479D-4813-ABAB-78EF2DDDBE20}.Release|x86.ActiveCfg = Release|Win32
		{4BBA574F-479D-4813-ABAB-78EF2DDDBE20}.Release|x86.Build.0 = Release|Win32
		{1F2F2857-4C06-440C-8BC4-CDC472F9F21D}.Debug|x64.ActiveCfg = Debug|x64
		{1F2F2857-4C06-440C-8BC4-CDC472F9F21D}.Debug|x64.Build.0 = Debug|x64
		{1F2F2857-4C06-440C-8BC4-CDC472F9F21D}.Debug|x86.ActiveCfg = Debug|Win32
		{1F2F2857-4C06-440C-8BC4-CDC472F9F21D}.Debug|x86.Build.0 = Debug|Win32
		{1F2F2857-4C06-440C-8BC4-CDC472F9F21D}.Release|x64.ActiveCfg = Release|x64
		{1F2F2857-4C06-440C-8BC4-CDC472F9F21D}.Release|x64.Build.0 = Release|x64
		{1F2F2857-4C06-440C-8BC4-CDC472F9F21D}.Release|x86.ActiveCfg = Release|Win32
		{1F2F2857-4C06-440C-8BC4-CDC472F9F21D}.Release|x86.Build.0 = Release|Win32
		{48C460AD-F037-49DD-B8C0-7C8A30AA1657}.Debug|x64.ActiveCfg = Debug|x64
		{48C460AD-F037-49DD-B8C0-7C8A30AA1657}.Debug|x64.Build.0 = Debug|x64
		{48C460AD-F037-49DD-B8C0-7C8A30AA1657}.Debug|x86.ActiveCfg = Debug|Win32
		{48C460AD-F037-49DD-B8C0-7C8A30AA1657}.Debug|x86.Build.0 = Debug|Win32
		{48C460AD-F037-49DD-B8C0-7C8A30AA1657}.Release|x64.ActiveCfg = Release|x64
		{48C460AD-F037-49DD-B8C0-7C8A30AA1657}.Release|x64.Build.0 = Release|x64
		{48C460AD-F037-49DD-B8C0-7C8A30AA1657}.Release|x86.ActiveCfg = Release|Win32
		{48C460AD-F037-49DD-B8C0-7C8A30AA1657}.Release|x86.Build.0 = Release|Win32
		{BD84A6E8-15D9-4218-AE03-59E8FFA7D799}.Debug|x64.ActiveCfg = Debug|x64
		{BD84A6E8-15D9-4218-AE03-59E8FFA7D799}.Debug|x64.Build.0 = Debug|x64
		{BD84A6E8-15D9-4218-AE03-59E8FFA7D799}.Debug|x86.ActiveCfg = Debug|Win32
		{BD84A6E8-15D9-4218-AE03-59E8FFA7D799}.Debug|x86.Build.0 = Debug|Win32
		{BD84A6E8-15D9-4218-AE03-59E8FFA7D799}.Release|x64.ActiveCfg = Release|x64
		{BD84A6E8-15D9-4218-AE03-59E8FFA7D799}.Release|x64.Build.0 = Release|x64
		{BD84A6E8-15D9-4218-AE03-59E8FFA7D799}.Release|x86.ActiveCfg = Release|Win32
		{BD84A6E8-15D9-4218-AE03-59E8FFA7D799}.Release|x86.Build.0 = Release|Win32
		{CD088B3E-FCCD-4E0D-811C-E6E00A757572}.Debug|x64.ActiveCfg = Debug|x64
		{CD088B3E-FCCD-4E0D-811C-E6E00A757572}.Debug|x64.Build.0 = Debug|x64
		{CD088B3E-FCCD-4E0D-811C-E6E00A757572}.Debug|x86.ActiveCfg = Debug|Win32
		{CD088B3E-FCCD-4E0D-811C-E6E00A757572}.Debug|x86.Build.0 = Debug|Win32
		{CD088B3E-FCCD-4E0D-811C-E6E00A757572}.Release|x64.ActiveCfg = Release|x64
		{CD088B3E-FCCD-4E0D-811C-E6E00A757572}.Release|x64.Build.0 = Release|x64
		{CD088B3E-FCCD-4E0D-811C-E6E00A757572}.Release|x86.ActiveCfg = Release|Win32
		{CD088B3E-FCCD-4E0D-811C-E6E00A757572}.Release|x86.Build.0 = Release|Win32
		{5BF5E88E-AB3F-4964-9D43-6A2368D5C2AB}.Debug|x64.ActiveCfg = Debug|x64
		{5BF5E88E-AB3F-4964-9D43-6A2368D5C2AB}.Debug|x64.Build.0 = Debug|x64
		{5BF5E88E-AB3F-4964-9D43-6A2368D5C2AB}.Debug|x86.ActiveCfg = Debug|Win32
		{5BF5E88E-AB3F-4964-9D43-6A2368D5C2AB}.Debug|x86.Build.0 = Debug|Win32
		{5BF5E88E-AB3F-4964-9D43-6A2368D5C2AB}.Release|x64.ActiveCfg = Release|x64
		{5BF5E88E-AB3F-4964-9D43-6A2368D5C2AB}.Release|x64.Build.0 = Release|x64
		{5BF5E88E-AB3F-4964-9D43-6A2368D5C2AB}.Release|x86.ActiveCfg = Release|Win32
		{5BF5E88E-AB3F-4964-9D43-6A2368D5C2AB}.Release|x86.Build.0 = Release|Win32
		{6C762EAD-F14F-484C-BF32-25B779E30B25}.Debug|x64.ActiveCfg = Debug|x64
		{6C762EAD-F14F-484C-BF32-25B779E30B25}.Debug|x64.Build.0 = Debug|x64
		{6C762EAD-F14F-484C-BF32-25B779E30B25}.Debug|x86.ActiveCfg = Debug|Win32
		{6C762EAD-F14F-484C-BF32-25B779E30B25}.Debug|x86.Build.0 = Debug|Win32
		{6C762EAD-F14F-484C-BF32-25B779E30B25}.Release|x64.ActiveCfg = Release|x64
		{6C762EAD-F14F-484C-BF32-25B779E30B25}.Release|x64.Build.0 = Release|x64
		{6C762EAD-F14F-484C-BF32-25B779E30B25}.Release|x86.ActiveCfg = Release|Win32
		{6C762EAD-F14F-484C-BF32-25B779E30B25}.Release|x86.Build.0 = Release|Win32
		{247EBE44-729F-42EC-8CA9-E8C996F0EEE0}.Debug|x64.ActiveCfg = Debug|x64
		{247EBE44-729F-42EC-8CA9-E8C996F0EEE0}.Debug|x64.Build.0 = Debug|x64
		{247EBE44-729F-42EC-8CA9-E8C996F0EEE0}.Debug|x86.ActiveCfg = Debug|Win32
		{247EBE44-729F-42EC-8CA9-E8C996F0EEE0}.Debug|x86.Build.0 = Debug|Win32
		{247EBE44-729F-42EC-8CA9-E8C996F0EEE0}.Release|x64.ActiveCfg = Release|x64
		{247EBE44-729F-42EC-8CA9-E8C996F0EEE0}.Release|x64.Build.0 = Release|x64
		{247EBE44-729F-42EC-8CA9-E8C996F0EEE0}.Release|x86.ActiveCfg = Release|Win32
		{247EBE44-729F-42EC-8CA9-E8C996F0EEE0}.Release|x86.Build.0 = Release|Win32
		{2C6181D5-6D70-4666-8D3F-0C73CF5043E8}.Debug|x64.ActiveCfg = Debug|x64
		{2C6181D5-6D70-4666-8D3F-0C73CF5043E8}.Debug|x64.Build.0 = Debug|x64
		{2C6181D5-6D70-4666-8D3F-0C73CF5043E8}.Debug|x86.ActiveCfg = Debug|Win32
		{2C6181D5-6D70-4666-8D3F-0C73CF5043E8}.Debug|x86.Build.0 = Debug|Win32
		{2C6181D5-6D70-4666-8D3F-0C73CF5043E8}.Release|x64.ActiveCfg = Release|x64
		{2C6181D5-6D70-4666-8D3F-0C73CF5043E8}.Release|x64.Build.0 = Release|x64
		{2C6181D5-6D70-4666-8D3F-0C73CF5043E8}.Release|x86.ActiveCfg = Release|Win32
		{2C6181D5-6D70-4666-8D3F-0C73CF5043E8}.Release|x86.Build.0 = Release|Win32
		{45633202-5CD4-47CC-AFAA-2B802C025A53}.Debug|x64.ActiveCfg = Debug|x64
		{45633202-5CD4-47CC-AFAA-2B802C025A53}.Debug|x64.Build.0 = Debug|x64
		{45633202-5CD4-47CC-AFAA-2B802C025A53}.Debug|x86.ActiveCfg = Debug|Win32
		{45633202-5CD4-47CC-AFAA-2B802C025A53}.Debug|x86.Build.0 = Debug|Win32
		{45633202-5CD4-47CC-AFAA-2B802C025A53}.Release|x64.ActiveCfg = Release|x64
		{45633202-5CD4-47CC-AFAA-2B802C025A53}.Release|x64.Build.0 = Release|x64
		{45633202-5CD4-47CC-AFAA-2B802C025A53}.Release|x86.ActiveCfg = Release|Win32
		{45633202-5CD4-47CC-AFAA-2B802C025A53}.Release|x86.Build.0 = Release|Win32
		{79AF8470-2FE0-4847-9E6D-6784736ECBE2}.Debug|x64.ActiveCfg = Debug|x64
		{79AF8470-2FE0-4847-9E6D-6784736ECBE2}.Debug|x64.Build.0 = Debug|x64
		{79AF8470-2FE0-4847-9E6D-6784736ECBE2}.Debug|x86.ActiveCfg = Debug|Win32
		{79AF8470-2FE0-4847-9E6D-6784736ECBE2}.Debug|x86.Build.0 = Debug|Win32
		{79AF8470-2FE0-4847-9E6D-6784736ECBE2}.Release|x64.ActiveCfg = Release|x64
		{79AF8470-2FE0-4847-9E6D-6784736ECBE2}.Release|x64.Build.0 = Release|x64
		{79AF8470-2FE0-4847-9E6D-6784736ECBE2}.Release|x86.ActiveCfg = Release|Win32
		{79AF8470-2FE0-4847-9E6D-6784736ECBE2}.Release|x86.Build.0 = Release|Win32
		{ECA8511C-08F5-4812-A920-4D9B75438C0A}.Debug|x64.ActiveCfg = Debug|x64
		{ECA8511C-08F5-4812-A920-4D9B75438C0A}.Debug|x64.Build.0 = Debug|x64
		{ECA8511C-08F5-4812-A920-4D9B75438C0A}.Debug|x86.ActiveCfg = Debug|Win32
		{ECA8511C-08F5-4812-A920-4D9B75438C0A}.Debug|x86.Build.0 = Debug|Win32
		{ECA8511C-08F5-4812-A920-4D9B75438C0A}.Release|x64.ActiveCfg = Release|x64
		{ECA8511C-08F5-4812-A920-4D9B75438C0A}.Release|x64.Build.0 = Release|x64
		{ECA8511C-08F5-4812-A920-4D9B75438C0A}.Release|x86.ActiveCfg = Release|Win32
		{ECA8511C-08F5-4812-A920-4D9B75438C0A}.Release|x86.Build.0 = Release|Win32
		{952F8F0A-015E-438C-B4C5-94365E5F514A}.Debug|x64.ActiveCfg = Debug|x64
		{952F8F0A-015E-438C-B4C5-94365E5F514A}.Debug|x64.Build.0 = Debug|x64
		{952F8F0A-015E-438C-B4C5-94365E5F514A}.Debug|x86.ActiveCfg = Debug|Win32
		{952F8F0A-015E-438C-B4C5-94365E5F514A}.Debug|x86.Build.0 = Debug|Win32
		{952F8F0A-015E-438C-B4C5-94365E5F514A}.Release|x64.ActiveCfg = Release|x64
		{952F8F0A-015E-438C-B4C5-94365E5F514A}.Release|x64.Build.0 = Release|x64
		{952F8F0A-015E-438C-B4C5-94365E5F514A}.Release|x86.ActiveCfg = Release|Win32
		{952F8F0A-015E-438C-B4C5-94365E5F514A}.Release|x86.Build.0 = Release|Win32
		{0D8A8482-5DCC-4E4E-B122-D8543690525D}.Debug|x64.ActiveCfg = Debug|x64
		{0D8A8482-5DCC-4E4E-B122-D8543690525D}.Debug|x64.Build.0 = Debug|x64
		{0D8A8482-5DCC-4E4E-B122-D8543690525D}.Debug|x86.ActiveCfg = Debug|Win32
		{0D8A8482-5DCC-4E4E-B122-D8543690525D}.Debug|x86.Build.0 = Debug|Win32
		{0D8A8482-5DCC-4E4E-B122-D8543690525D}.Release|x64.ActiveCfg = Release|x64
		{0D8A8482-5DCC-4E4E-B122-D8543690525D}.Release|x64.Build.0 = Release|x64
		{0D8A8482-5DCC-4E4E-B122-D8543690525D}.Release|x86.ActiveCfg = Release|Win32
		{0D8A8482-5DCC-4E4E-B122-D8543690525D}.Release|x86.Build.0 = Release|Win32
		{0885BC5C-1AE8-447F-A58A-18C23FA05DF4}.Debug|x64.ActiveCfg = Debug|x64
		{0885BC5C-1AE8-447F-A58A-18C23FA05DF4}.Debug|x64.Build.0 = Debug|x64
		{0885BC5C-1AE8-447F-A58A-18C23FA05DF4}.Debug|x86.ActiveCfg = Debug|Win32
		{0885BC5C-1AE8-447F-A58A-18C23FA05DF4}.Debug|x86.Build.0 = Debug|Win32
		{0885BC5C-1AE8-447F-A58A-18C23FA05DF4}.Release|x64.ActiveCfg = Release|x64
		{0885BC5C-1AE8-447F-A58A-18C23FA05DF4}.Release|x64.Build.0 = Release|x64
		{0885BC5C-1AE8-447F-A58A-18C23FA05DF4}.Release|x86.ActiveCfg = Release|Win32
		{0885BC5C-1AE8-447F-A58A-18C23FA05DF4}.Release|x86.Build.0 = Release|Win32
		{01FADA37-901F-4C35-919F-AC5B1CEA5294}.Debug|x64.ActiveCfg = Debug|x64
		{01FADA37-901F-4C35-919F-AC5B1CEA5294}.Debug|x64.Build.0 = Debug|x64
		{01FADA37-901F-4C35-919F-AC5B1CEA5294}.Debug|x86.ActiveCfg = Debug|Win32
		{01FADA37-901F-4C35-919F-AC5B1CEA5294}.Debug|x86.Build.0 = Debug|Win32
		{01FADA37-901F-4C35-919F-AC5B1CEA5294}.Release|x64.ActiveCfg = Release|x64
		{01FADA37-901F-4C35-919F-AC5B1CEA5294}.Release|x64.Build.0 = Release|x64
		{01FADA37-901F-4C35-919F-AC5B1CEA5294}.Release|x86.ActiveCfg = Release|Win32
		{01FADA37-901F-4C35-919F-AC5B1CEA5294}.Release|x86.Build.0 = Release|Win32
		{7AE6D92B-16D4-4E81-B2EF-952CAAFFD619}.Debug|x64.ActiveCfg = Debug|x64
		{7AE6D92B-16D4-4E81-B2EF-952CAAFFD619}.Debug|x64.Build.0 = Debug|x64
		{7AE6D92B-16D4-4E81-B2EF-952CAAFFD619}.Debug|x86.ActiveCfg = Debug|Win32
		{7AE6D92B-16D4-4E81-B2EF-952CAAFFD619}.Debug|x86.Build.0 = Debug|Win32
		{7AE6D92B-16D4-4E81-B2EF-952CAAFFD619}.Release|x64.ActiveCfg = Release|x64
		{7AE6D92B-16D4-4E81-B2EF-952CAAFFD619}.Release|x64.Build.0 = Release|x64
		{7AE6D92B-16D4-4E81-B2EF-952CAAFFD619}.Release|x86.ActiveCfg = Release|Win32
		{7AE6D92B-16D4-4E81-B2EF-952CAAFFD619}.Release|x86.Build.0 = Release|Win32
		{4FB4A837-30A7-4194-B54D-6D224C0EDE47}.Debug|x64.ActiveCfg = Debug|x64
		{4FB4A837-30A7-4194-B54D-6D224C0EDE47}.Debug|x64.Build.0 = Debug|x64
		{4FB4A837-30A7-4194-B54D-6D224C0EDE47}.Debug|x86.ActiveCfg = Debug|Win32
		{4FB4A837-30A7-4194-B54D-6D224C0EDE47}.Debug|x86.Build.0 = Debug|Win32
		{4FB4A837-30A7-4194-B54D-6D224C0EDE47}.Release|x64.ActiveCfg = Release|x64
		{4FB4A837-30A7-4194-B54D-6D224C0EDE47}.Release|x64.Build.0 = Release|x64
		{4FB4A837-30A7-4194-B54D-6D224C0EDE47}.Release|x86.ActiveCfg = Release|Win32
		{4FB4A837-30A7-4194-B54D-6D224C0EDE47}.Release|x86.Build.0 = Release|Win32
		{F3AD0662-CD53-44AD-AB5E-744749F40B68}.Debug|x64.ActiveCfg = Debug|x64
		{F3AD0662-CD53-44AD-AB5E-744749F40B68}.Debug|x64.Build.0 = Debug|x64
		{F3AD0662-CD53-44AD-AB5E-744749F40B68}.Debug|x86.ActiveCfg = Debug|Win32
		{F3AD0662-CD53-44AD-AB5E-744749F40B68}.Debug|x86.Build.0 = Debug|Win32
		{F3AD0662-CD53-44AD-AB5E-744749F40B68}.Release|x64.ActiveCfg = Release|x64
		{F3AD0662-CD53-44AD-AB5E-744749F40B68}.Release|x64.Build.0 = Release|x64
		{F3AD0662-CD53-44AD-AB5E-744749F40B68}.Release|x86.ActiveCfg = Release|Win32
		{F3AD0662-CD53-44AD-AB5E-744749F40B68}.Release|x86.Build.0 = Release|Win32
	EndGlobalSection
	GlobalSection(SolutionProperties) = preSolution
		HideSolutionNode = FALSE
	EndGlobalSection
	GlobalSection(ExtensibilityGlobals) = postSolution
		SolutionGuid = {792E43B3-6028-4A1C-950B-005D6D128201}
	EndGlobalSection
EndGlobal
